// !$*UTF8*$!
{
	archiveVersion = 1;
	classes = {
	};
	objectVersion = 46;
	objects = {

/* Begin PBXBuildFile section */
		5C06CE1C1EB2CE8E00A27574 /* Localizable.strings in Resources */ = {isa = PBXBuildFile; fileRef = 5C06CE1E1EB2CE8E00A27574 /* Localizable.strings */; };
		5C06CE271EB3000400A27574 /* HistoryDetailViewController.swift in Sources */ = {isa = PBXBuildFile; fileRef = 5C06CE261EB3000400A27574 /* HistoryDetailViewController.swift */; };
		5C06CE2A1EB3003B00A27574 /* HistoryDetailPresent.swift in Sources */ = {isa = PBXBuildFile; fileRef = 5C06CE291EB3003B00A27574 /* HistoryDetailPresent.swift */; };
		5C06CE2D1EB300AF00A27574 /* HistoryDetailCollectionView.swift in Sources */ = {isa = PBXBuildFile; fileRef = 5C06CE2C1EB300AF00A27574 /* HistoryDetailCollectionView.swift */; };
		5C06CE2F1EB3033200A27574 /* HistoryDetailCollectionPresent.swift in Sources */ = {isa = PBXBuildFile; fileRef = 5C06CE2E1EB3033200A27574 /* HistoryDetailCollectionPresent.swift */; };
		5C06CE311EB3037200A27574 /* HistoryDetailCell.swift in Sources */ = {isa = PBXBuildFile; fileRef = 5C06CE301EB3037200A27574 /* HistoryDetailCell.swift */; };
		5C2365F21EB02D9F00C44C9C /* ButtonExtension.swift in Sources */ = {isa = PBXBuildFile; fileRef = 5C2365F11EB02D9F00C44C9C /* ButtonExtension.swift */; };
		5C2365F41EB030DD00C44C9C /* BaseViewController.swift in Sources */ = {isa = PBXBuildFile; fileRef = 5C2365F31EB030DD00C44C9C /* BaseViewController.swift */; };
		5C2366021EB049DD00C44C9C /* OTPVerifyPresent.swift in Sources */ = {isa = PBXBuildFile; fileRef = 5C2366011EB049DD00C44C9C /* OTPVerifyPresent.swift */; };
		5C2366041EB049F800C44C9C /* OTPVerifyView.swift in Sources */ = {isa = PBXBuildFile; fileRef = 5C2366031EB049F800C44C9C /* OTPVerifyView.swift */; };
		5C2366061EB06FC900C44C9C /* SuccessFullPageViewController.swift in Sources */ = {isa = PBXBuildFile; fileRef = 5C2366051EB06FC900C44C9C /* SuccessFullPageViewController.swift */; };
		5C23660A1EB0854300C44C9C /* UserHomeViewController.swift in Sources */ = {isa = PBXBuildFile; fileRef = 5C2366091EB0854300C44C9C /* UserHomeViewController.swift */; };
		5C23660C1EB085D700C44C9C /* MenuViewController.swift in Sources */ = {isa = PBXBuildFile; fileRef = 5C23660B1EB085D700C44C9C /* MenuViewController.swift */; };
		5C23660E1EB09ADC00C44C9C /* UIImageView.swift in Sources */ = {isa = PBXBuildFile; fileRef = 5C23660D1EB09ADC00C44C9C /* UIImageView.swift */; };
		5C3830371EB4AA34006C2F02 /* ForgotPasswordPresent.swift in Sources */ = {isa = PBXBuildFile; fileRef = 5C3830361EB4AA34006C2F02 /* ForgotPasswordPresent.swift */; };
		5C3830391EB4AA4A006C2F02 /* ForgotPasswordViewController.swift in Sources */ = {isa = PBXBuildFile; fileRef = 5C3830381EB4AA4A006C2F02 /* ForgotPasswordViewController.swift */; };
		5C3FD4C31EB3368F00E44EEC /* HistoryDetailModel.swift in Sources */ = {isa = PBXBuildFile; fileRef = 5C3FD4C21EB3368F00E44EEC /* HistoryDetailModel.swift */; };
		5C4C8C581EB18A4100106215 /* CellMenu.swift in Sources */ = {isa = PBXBuildFile; fileRef = 5C4C8C571EB18A4100106215 /* CellMenu.swift */; };
		5C4C8C5A1EB19A2900106215 /* MenuModel.swift in Sources */ = {isa = PBXBuildFile; fileRef = 5C4C8C591EB19A2900106215 /* MenuModel.swift */; };
		5C4C8C5F1EB1A0DC00106215 /* SettingPresent.swift in Sources */ = {isa = PBXBuildFile; fileRef = 5C4C8C5E1EB1A0DC00106215 /* SettingPresent.swift */; };
		5C4C8C611EB1A0F800106215 /* SettingViewController.swift in Sources */ = {isa = PBXBuildFile; fileRef = 5C4C8C601EB1A0F800106215 /* SettingViewController.swift */; };
		5C4C8C651EB1B0D800106215 /* CustomImage.swift in Sources */ = {isa = PBXBuildFile; fileRef = 5C4C8C641EB1B0D800106215 /* CustomImage.swift */; };
		5C4C8C671EB1C4F200106215 /* UIBarExtension.swift in Sources */ = {isa = PBXBuildFile; fileRef = 5C4C8C661EB1C4F200106215 /* UIBarExtension.swift */; };
		5C5F2EA51EB41AE900D7239E /* UserHomePresent.swift in Sources */ = {isa = PBXBuildFile; fileRef = 5C5F2EA41EB41AE900D7239E /* UserHomePresent.swift */; };
		5C5F2EA71EB41E3000D7239E /* MapKit.framework in Frameworks */ = {isa = PBXBuildFile; fileRef = 5C5F2EA61EB41E3000D7239E /* MapKit.framework */; };
		5C7328D31EAF1D4500EABDB9 /* UITextFieldExtension.swift in Sources */ = {isa = PBXBuildFile; fileRef = 5C7328D21EAF1D4500EABDB9 /* UITextFieldExtension.swift */; };
		5C7328D61EAF4CD300EABDB9 /* LoginPresent.swift in Sources */ = {isa = PBXBuildFile; fileRef = 5C7328D51EAF4CD300EABDB9 /* LoginPresent.swift */; };
		5C7328DA1EAF6A1400EABDB9 /* FacebookLoginVerifyPresent.swift in Sources */ = {isa = PBXBuildFile; fileRef = 5C7328D91EAF6A1400EABDB9 /* FacebookLoginVerifyPresent.swift */; };
		5C7328DC1EAF6A4F00EABDB9 /* FacebookLoginView.swift in Sources */ = {isa = PBXBuildFile; fileRef = 5C7328DB1EAF6A4F00EABDB9 /* FacebookLoginView.swift */; };
		5C7328E21EAF71D000EABDB9 /* UILabelExtension.swift in Sources */ = {isa = PBXBuildFile; fileRef = 5C7328E11EAF71D000EABDB9 /* UILabelExtension.swift */; };
		5C782BD11EB5816C0015B0FB /* NewPasswordPresent.swift in Sources */ = {isa = PBXBuildFile; fileRef = 5C782BD01EB5816C0015B0FB /* NewPasswordPresent.swift */; };
		5C782BD31EB581800015B0FB /* NewPasswordViewController.swift in Sources */ = {isa = PBXBuildFile; fileRef = 5C782BD21EB581800015B0FB /* NewPasswordViewController.swift */; };
		5C782BDF1EB5C08C0015B0FB /* ChooseLocationPresent.swift in Sources */ = {isa = PBXBuildFile; fileRef = 5C782BDE1EB5C08C0015B0FB /* ChooseLocationPresent.swift */; };
		5C782BE11EB5C09C0015B0FB /* ChooseLocationViewController.swift in Sources */ = {isa = PBXBuildFile; fileRef = 5C782BE01EB5C09C0015B0FB /* ChooseLocationViewController.swift */; };
		5C782BE41EB5C5140015B0FB /* SearchResultCollectionViewController.swift in Sources */ = {isa = PBXBuildFile; fileRef = 5C782BE31EB5C5140015B0FB /* SearchResultCollectionViewController.swift */; };
		5C782BE61EB5C5380015B0FB /* SearchResultPresent.swift in Sources */ = {isa = PBXBuildFile; fileRef = 5C782BE51EB5C5380015B0FB /* SearchResultPresent.swift */; };
		5C782BE81EB5C5660015B0FB /* SearchResultCell.swift in Sources */ = {isa = PBXBuildFile; fileRef = 5C782BE71EB5C5660015B0FB /* SearchResultCell.swift */; };
		5C782BEA1EB5D43E0015B0FB /* ChooseLocationResult.swift in Sources */ = {isa = PBXBuildFile; fileRef = 5C782BE91EB5D43E0015B0FB /* ChooseLocationResult.swift */; };
		5C9CCC5D1EAC7D6D00B70366 /* AppDelegate.swift in Sources */ = {isa = PBXBuildFile; fileRef = 5C9CCC5C1EAC7D6D00B70366 /* AppDelegate.swift */; };
		5C9CCC641EAC7D6D00B70366 /* Assets.xcassets in Resources */ = {isa = PBXBuildFile; fileRef = 5C9CCC631EAC7D6D00B70366 /* Assets.xcassets */; };
		5C9CCC671EAC7D6D00B70366 /* LaunchScreen.storyboard in Resources */ = {isa = PBXBuildFile; fileRef = 5C9CCC651EAC7D6D00B70366 /* LaunchScreen.storyboard */; };
		5C9CCC721EAC7D6D00B70366 /* HITRUMTests.swift in Sources */ = {isa = PBXBuildFile; fileRef = 5C9CCC711EAC7D6D00B70366 /* HITRUMTests.swift */; };
		5C9CCC7D1EAC7D6D00B70366 /* HITRUMUITests.swift in Sources */ = {isa = PBXBuildFile; fileRef = 5C9CCC7C1EAC7D6D00B70366 /* HITRUMUITests.swift */; };
		5C9CCC8D1EAC7DFD00B70366 /* SplashController.swift in Sources */ = {isa = PBXBuildFile; fileRef = 5C9CCC8C1EAC7DFD00B70366 /* SplashController.swift */; };
		5CBC51061EB1EF740069E49C /* EditPresent.swift in Sources */ = {isa = PBXBuildFile; fileRef = 5CBC51051EB1EF740069E49C /* EditPresent.swift */; };
		5CBC51081EB1EF820069E49C /* EditViewController.swift in Sources */ = {isa = PBXBuildFile; fileRef = 5CBC51071EB1EF820069E49C /* EditViewController.swift */; };
		5CBC51151EB207680069E49C /* NewsModel.swift in Sources */ = {isa = PBXBuildFile; fileRef = 5CBC51141EB207680069E49C /* NewsModel.swift */; };
		5CBC51171EB21C500069E49C /* NewsCollectionViewPresent.swift in Sources */ = {isa = PBXBuildFile; fileRef = 5CBC51161EB21C500069E49C /* NewsCollectionViewPresent.swift */; };
		5CBC51191EB21C710069E49C /* NewsCollectionView.swift in Sources */ = {isa = PBXBuildFile; fileRef = 5CBC51181EB21C710069E49C /* NewsCollectionView.swift */; };
		5CBC511B1EB21C950069E49C /* NewsCollectionCell.swift in Sources */ = {isa = PBXBuildFile; fileRef = 5CBC511A1EB21C950069E49C /* NewsCollectionCell.swift */; };
		5CBC511D1EB21DDA0069E49C /* BaseCollectionViewCell.swift in Sources */ = {isa = PBXBuildFile; fileRef = 5CBC511C1EB21DDA0069E49C /* BaseCollectionViewCell.swift */; };
		5CBC511F1EB232480069E49C /* NewsDetailPresent.swift in Sources */ = {isa = PBXBuildFile; fileRef = 5CBC511E1EB232480069E49C /* NewsDetailPresent.swift */; };
		5CBC51211EB232780069E49C /* NewsDetailViewController.swift in Sources */ = {isa = PBXBuildFile; fileRef = 5CBC51201EB232780069E49C /* NewsDetailViewController.swift */; };
		5CBC51281EB245FF0069E49C /* HistoryPresent.swift in Sources */ = {isa = PBXBuildFile; fileRef = 5CBC51271EB245FF0069E49C /* HistoryPresent.swift */; };
		5CBC512A1EB249030069E49C /* HistoryCollectionView.swift in Sources */ = {isa = PBXBuildFile; fileRef = 5CBC51291EB249030069E49C /* HistoryCollectionView.swift */; };
		5CBC512C1EB249250069E49C /* HistoryModel.swift in Sources */ = {isa = PBXBuildFile; fileRef = 5CBC512B1EB249250069E49C /* HistoryModel.swift */; };
		5CBC512E1EB24BB30069E49C /* HistoryCellCollectionViewCell.swift in Sources */ = {isa = PBXBuildFile; fileRef = 5CBC512D1EB24BB30069E49C /* HistoryCellCollectionViewCell.swift */; };
		5CCDC6831EAC875600D996DE /* HomeUnuserViewController.swift in Sources */ = {isa = PBXBuildFile; fileRef = 5CCDC6821EAC875600D996DE /* HomeUnuserViewController.swift */; };
		5CF7685B1EACBB84003CE4F5 /* ColorExtension.swift in Sources */ = {isa = PBXBuildFile; fileRef = 5CF7685A1EACBB83003CE4F5 /* ColorExtension.swift */; };
		5CF7685D1EACBD2B003CE4F5 /* LoginViewController.swift in Sources */ = {isa = PBXBuildFile; fileRef = 5CF7685C1EACBD2B003CE4F5 /* LoginViewController.swift */; };
		B872A1B78B7770B2D7CCBA53 /* Pods_HITRUM.framework in Frameworks */ = {isa = PBXBuildFile; fileRef = 6FFF0F9201142A9DEEAC80E1 /* Pods_HITRUM.framework */; };
/* End PBXBuildFile section */

/* Begin PBXContainerItemProxy section */
		5C9CCC6E1EAC7D6D00B70366 /* PBXContainerItemProxy */ = {
			isa = PBXContainerItemProxy;
			containerPortal = 5C9CCC511EAC7D6D00B70366 /* Project object */;
			proxyType = 1;
			remoteGlobalIDString = 5C9CCC581EAC7D6D00B70366;
			remoteInfo = HITRUM;
		};
		5C9CCC791EAC7D6D00B70366 /* PBXContainerItemProxy */ = {
			isa = PBXContainerItemProxy;
			containerPortal = 5C9CCC511EAC7D6D00B70366 /* Project object */;
			proxyType = 1;
			remoteGlobalIDString = 5C9CCC581EAC7D6D00B70366;
			remoteInfo = HITRUM;
		};
/* End PBXContainerItemProxy section */

/* Begin PBXFileReference section */
		5C06CE1B1EB2CD8D00A27574 /* vi */ = {isa = PBXFileReference; lastKnownFileType = text.plist.strings; name = vi; path = vi.lproj/LaunchScreen.strings; sourceTree = "<group>"; };
		5C06CE1D1EB2CE8E00A27574 /* vi */ = {isa = PBXFileReference; lastKnownFileType = text.plist.strings; name = vi; path = vi.lproj/Localizable.strings; sourceTree = "<group>"; };
		5C06CE1F1EB2CE9800A27574 /* en */ = {isa = PBXFileReference; lastKnownFileType = text.plist.strings; name = en; path = en.lproj/Localizable.strings; sourceTree = "<group>"; };
		5C06CE201EB2D08000A27574 /* ko */ = {isa = PBXFileReference; lastKnownFileType = text.plist.strings; name = ko; path = ko.lproj/LaunchScreen.strings; sourceTree = "<group>"; };
		5C06CE211EB2D08000A27574 /* ko */ = {isa = PBXFileReference; lastKnownFileType = text.plist.strings; name = ko; path = ko.lproj/Localizable.strings; sourceTree = "<group>"; };
		5C06CE261EB3000400A27574 /* HistoryDetailViewController.swift */ = {isa = PBXFileReference; fileEncoding = 4; lastKnownFileType = sourcecode.swift; path = HistoryDetailViewController.swift; sourceTree = "<group>"; };
		5C06CE291EB3003B00A27574 /* HistoryDetailPresent.swift */ = {isa = PBXFileReference; fileEncoding = 4; lastKnownFileType = sourcecode.swift; path = HistoryDetailPresent.swift; sourceTree = "<group>"; };
		5C06CE2C1EB300AF00A27574 /* HistoryDetailCollectionView.swift */ = {isa = PBXFileReference; fileEncoding = 4; lastKnownFileType = sourcecode.swift; path = HistoryDetailCollectionView.swift; sourceTree = "<group>"; };
		5C06CE2E1EB3033200A27574 /* HistoryDetailCollectionPresent.swift */ = {isa = PBXFileReference; fileEncoding = 4; lastKnownFileType = sourcecode.swift; path = HistoryDetailCollectionPresent.swift; sourceTree = "<group>"; };
		5C06CE301EB3037200A27574 /* HistoryDetailCell.swift */ = {isa = PBXFileReference; fileEncoding = 4; lastKnownFileType = sourcecode.swift; path = HistoryDetailCell.swift; sourceTree = "<group>"; };
		5C2365F11EB02D9F00C44C9C /* ButtonExtension.swift */ = {isa = PBXFileReference; fileEncoding = 4; lastKnownFileType = sourcecode.swift; path = ButtonExtension.swift; sourceTree = "<group>"; };
		5C2365F31EB030DD00C44C9C /* BaseViewController.swift */ = {isa = PBXFileReference; fileEncoding = 4; lastKnownFileType = sourcecode.swift; path = BaseViewController.swift; sourceTree = "<group>"; };
		5C2366011EB049DD00C44C9C /* OTPVerifyPresent.swift */ = {isa = PBXFileReference; fileEncoding = 4; lastKnownFileType = sourcecode.swift; path = OTPVerifyPresent.swift; sourceTree = "<group>"; };
		5C2366031EB049F800C44C9C /* OTPVerifyView.swift */ = {isa = PBXFileReference; fileEncoding = 4; lastKnownFileType = sourcecode.swift; path = OTPVerifyView.swift; sourceTree = "<group>"; };
		5C2366051EB06FC900C44C9C /* SuccessFullPageViewController.swift */ = {isa = PBXFileReference; fileEncoding = 4; lastKnownFileType = sourcecode.swift; path = SuccessFullPageViewController.swift; sourceTree = "<group>"; };
		5C2366091EB0854300C44C9C /* UserHomeViewController.swift */ = {isa = PBXFileReference; fileEncoding = 4; lastKnownFileType = sourcecode.swift; path = UserHomeViewController.swift; sourceTree = "<group>"; };
		5C23660B1EB085D700C44C9C /* MenuViewController.swift */ = {isa = PBXFileReference; fileEncoding = 4; lastKnownFileType = sourcecode.swift; path = MenuViewController.swift; sourceTree = "<group>"; };
		5C23660D1EB09ADC00C44C9C /* UIImageView.swift */ = {isa = PBXFileReference; fileEncoding = 4; lastKnownFileType = sourcecode.swift; path = UIImageView.swift; sourceTree = "<group>"; };
		5C3830361EB4AA34006C2F02 /* ForgotPasswordPresent.swift */ = {isa = PBXFileReference; fileEncoding = 4; lastKnownFileType = sourcecode.swift; path = ForgotPasswordPresent.swift; sourceTree = "<group>"; };
		5C3830381EB4AA4A006C2F02 /* ForgotPasswordViewController.swift */ = {isa = PBXFileReference; fileEncoding = 4; lastKnownFileType = sourcecode.swift; path = ForgotPasswordViewController.swift; sourceTree = "<group>"; };
		5C3FD4C21EB3368F00E44EEC /* HistoryDetailModel.swift */ = {isa = PBXFileReference; fileEncoding = 4; lastKnownFileType = sourcecode.swift; path = HistoryDetailModel.swift; sourceTree = "<group>"; };
		5C4C8C571EB18A4100106215 /* CellMenu.swift */ = {isa = PBXFileReference; fileEncoding = 4; lastKnownFileType = sourcecode.swift; path = CellMenu.swift; sourceTree = "<group>"; };
		5C4C8C591EB19A2900106215 /* MenuModel.swift */ = {isa = PBXFileReference; fileEncoding = 4; lastKnownFileType = sourcecode.swift; path = MenuModel.swift; sourceTree = "<group>"; };
		5C4C8C5E1EB1A0DC00106215 /* SettingPresent.swift */ = {isa = PBXFileReference; fileEncoding = 4; lastKnownFileType = sourcecode.swift; path = SettingPresent.swift; sourceTree = "<group>"; };
		5C4C8C601EB1A0F800106215 /* SettingViewController.swift */ = {isa = PBXFileReference; fileEncoding = 4; lastKnownFileType = sourcecode.swift; path = SettingViewController.swift; sourceTree = "<group>"; };
		5C4C8C641EB1B0D800106215 /* CustomImage.swift */ = {isa = PBXFileReference; fileEncoding = 4; lastKnownFileType = sourcecode.swift; path = CustomImage.swift; sourceTree = "<group>"; };
		5C4C8C661EB1C4F200106215 /* UIBarExtension.swift */ = {isa = PBXFileReference; fileEncoding = 4; lastKnownFileType = sourcecode.swift; path = UIBarExtension.swift; sourceTree = "<group>"; };
		5C5F2EA41EB41AE900D7239E /* UserHomePresent.swift */ = {isa = PBXFileReference; fileEncoding = 4; lastKnownFileType = sourcecode.swift; path = UserHomePresent.swift; sourceTree = "<group>"; };
		5C5F2EA61EB41E3000D7239E /* MapKit.framework */ = {isa = PBXFileReference; lastKnownFileType = wrapper.framework; name = MapKit.framework; path = System/Library/Frameworks/MapKit.framework; sourceTree = SDKROOT; };
		5C7328D21EAF1D4500EABDB9 /* UITextFieldExtension.swift */ = {isa = PBXFileReference; fileEncoding = 4; lastKnownFileType = sourcecode.swift; path = UITextFieldExtension.swift; sourceTree = "<group>"; };
		5C7328D51EAF4CD300EABDB9 /* LoginPresent.swift */ = {isa = PBXFileReference; fileEncoding = 4; lastKnownFileType = sourcecode.swift; path = LoginPresent.swift; sourceTree = "<group>"; };
		5C7328D91EAF6A1400EABDB9 /* FacebookLoginVerifyPresent.swift */ = {isa = PBXFileReference; fileEncoding = 4; lastKnownFileType = sourcecode.swift; path = FacebookLoginVerifyPresent.swift; sourceTree = "<group>"; };
		5C7328DB1EAF6A4F00EABDB9 /* FacebookLoginView.swift */ = {isa = PBXFileReference; fileEncoding = 4; lastKnownFileType = sourcecode.swift; path = FacebookLoginView.swift; sourceTree = "<group>"; };
		5C7328E11EAF71D000EABDB9 /* UILabelExtension.swift */ = {isa = PBXFileReference; fileEncoding = 4; lastKnownFileType = sourcecode.swift; path = UILabelExtension.swift; sourceTree = "<group>"; };
		5C782BD01EB5816C0015B0FB /* NewPasswordPresent.swift */ = {isa = PBXFileReference; fileEncoding = 4; lastKnownFileType = sourcecode.swift; path = NewPasswordPresent.swift; sourceTree = "<group>"; };
		5C782BD21EB581800015B0FB /* NewPasswordViewController.swift */ = {isa = PBXFileReference; fileEncoding = 4; lastKnownFileType = sourcecode.swift; path = NewPasswordViewController.swift; sourceTree = "<group>"; };
		5C782BDE1EB5C08C0015B0FB /* ChooseLocationPresent.swift */ = {isa = PBXFileReference; fileEncoding = 4; lastKnownFileType = sourcecode.swift; path = ChooseLocationPresent.swift; sourceTree = "<group>"; };
		5C782BE01EB5C09C0015B0FB /* ChooseLocationViewController.swift */ = {isa = PBXFileReference; fileEncoding = 4; lastKnownFileType = sourcecode.swift; path = ChooseLocationViewController.swift; sourceTree = "<group>"; };
		5C782BE31EB5C5140015B0FB /* SearchResultCollectionViewController.swift */ = {isa = PBXFileReference; fileEncoding = 4; lastKnownFileType = sourcecode.swift; path = SearchResultCollectionViewController.swift; sourceTree = "<group>"; };
		5C782BE51EB5C5380015B0FB /* SearchResultPresent.swift */ = {isa = PBXFileReference; fileEncoding = 4; lastKnownFileType = sourcecode.swift; path = SearchResultPresent.swift; sourceTree = "<group>"; };
		5C782BE71EB5C5660015B0FB /* SearchResultCell.swift */ = {isa = PBXFileReference; fileEncoding = 4; lastKnownFileType = sourcecode.swift; path = SearchResultCell.swift; sourceTree = "<group>"; };
		5C782BE91EB5D43E0015B0FB /* ChooseLocationResult.swift */ = {isa = PBXFileReference; fileEncoding = 4; lastKnownFileType = sourcecode.swift; path = ChooseLocationResult.swift; sourceTree = "<group>"; };
		5C9CCC591EAC7D6D00B70366 /* HITRUM.app */ = {isa = PBXFileReference; explicitFileType = wrapper.application; includeInIndex = 0; path = HITRUM.app; sourceTree = BUILT_PRODUCTS_DIR; };
		5C9CCC5C1EAC7D6D00B70366 /* AppDelegate.swift */ = {isa = PBXFileReference; lastKnownFileType = sourcecode.swift; path = AppDelegate.swift; sourceTree = "<group>"; };
		5C9CCC631EAC7D6D00B70366 /* Assets.xcassets */ = {isa = PBXFileReference; lastKnownFileType = folder.assetcatalog; path = Assets.xcassets; sourceTree = "<group>"; };
		5C9CCC661EAC7D6D00B70366 /* Base */ = {isa = PBXFileReference; lastKnownFileType = file.storyboard; name = Base; path = Base.lproj/LaunchScreen.storyboard; sourceTree = "<group>"; };
		5C9CCC681EAC7D6D00B70366 /* Info.plist */ = {isa = PBXFileReference; lastKnownFileType = text.plist.xml; path = Info.plist; sourceTree = "<group>"; };
		5C9CCC6D1EAC7D6D00B70366 /* HITRUMTests.xctest */ = {isa = PBXFileReference; explicitFileType = wrapper.cfbundle; includeInIndex = 0; path = HITRUMTests.xctest; sourceTree = BUILT_PRODUCTS_DIR; };
		5C9CCC711EAC7D6D00B70366 /* HITRUMTests.swift */ = {isa = PBXFileReference; lastKnownFileType = sourcecode.swift; path = HITRUMTests.swift; sourceTree = "<group>"; };
		5C9CCC731EAC7D6D00B70366 /* Info.plist */ = {isa = PBXFileReference; lastKnownFileType = text.plist.xml; path = Info.plist; sourceTree = "<group>"; };
		5C9CCC781EAC7D6D00B70366 /* HITRUMUITests.xctest */ = {isa = PBXFileReference; explicitFileType = wrapper.cfbundle; includeInIndex = 0; path = HITRUMUITests.xctest; sourceTree = BUILT_PRODUCTS_DIR; };
		5C9CCC7C1EAC7D6D00B70366 /* HITRUMUITests.swift */ = {isa = PBXFileReference; lastKnownFileType = sourcecode.swift; path = HITRUMUITests.swift; sourceTree = "<group>"; };
		5C9CCC7E1EAC7D6D00B70366 /* Info.plist */ = {isa = PBXFileReference; lastKnownFileType = text.plist.xml; path = Info.plist; sourceTree = "<group>"; };
		5C9CCC8C1EAC7DFD00B70366 /* SplashController.swift */ = {isa = PBXFileReference; fileEncoding = 4; lastKnownFileType = sourcecode.swift; path = SplashController.swift; sourceTree = "<group>"; };
		5CBC51051EB1EF740069E49C /* EditPresent.swift */ = {isa = PBXFileReference; fileEncoding = 4; lastKnownFileType = sourcecode.swift; path = EditPresent.swift; sourceTree = "<group>"; };
		5CBC51071EB1EF820069E49C /* EditViewController.swift */ = {isa = PBXFileReference; fileEncoding = 4; lastKnownFileType = sourcecode.swift; path = EditViewController.swift; sourceTree = "<group>"; };
		5CBC51141EB207680069E49C /* NewsModel.swift */ = {isa = PBXFileReference; fileEncoding = 4; lastKnownFileType = sourcecode.swift; path = NewsModel.swift; sourceTree = "<group>"; };
		5CBC51161EB21C500069E49C /* NewsCollectionViewPresent.swift */ = {isa = PBXFileReference; fileEncoding = 4; lastKnownFileType = sourcecode.swift; path = NewsCollectionViewPresent.swift; sourceTree = "<group>"; };
		5CBC51181EB21C710069E49C /* NewsCollectionView.swift */ = {isa = PBXFileReference; fileEncoding = 4; lastKnownFileType = sourcecode.swift; path = NewsCollectionView.swift; sourceTree = "<group>"; };
		5CBC511A1EB21C950069E49C /* NewsCollectionCell.swift */ = {isa = PBXFileReference; fileEncoding = 4; lastKnownFileType = sourcecode.swift; path = NewsCollectionCell.swift; sourceTree = "<group>"; };
		5CBC511C1EB21DDA0069E49C /* BaseCollectionViewCell.swift */ = {isa = PBXFileReference; fileEncoding = 4; lastKnownFileType = sourcecode.swift; path = BaseCollectionViewCell.swift; sourceTree = "<group>"; };
		5CBC511E1EB232480069E49C /* NewsDetailPresent.swift */ = {isa = PBXFileReference; fileEncoding = 4; lastKnownFileType = sourcecode.swift; path = NewsDetailPresent.swift; sourceTree = "<group>"; };
		5CBC51201EB232780069E49C /* NewsDetailViewController.swift */ = {isa = PBXFileReference; fileEncoding = 4; lastKnownFileType = sourcecode.swift; path = NewsDetailViewController.swift; sourceTree = "<group>"; };
		5CBC51271EB245FF0069E49C /* HistoryPresent.swift */ = {isa = PBXFileReference; fileEncoding = 4; lastKnownFileType = sourcecode.swift; path = HistoryPresent.swift; sourceTree = "<group>"; };
		5CBC51291EB249030069E49C /* HistoryCollectionView.swift */ = {isa = PBXFileReference; fileEncoding = 4; lastKnownFileType = sourcecode.swift; path = HistoryCollectionView.swift; sourceTree = "<group>"; };
		5CBC512B1EB249250069E49C /* HistoryModel.swift */ = {isa = PBXFileReference; fileEncoding = 4; lastKnownFileType = sourcecode.swift; path = HistoryModel.swift; sourceTree = "<group>"; };
		5CBC512D1EB24BB30069E49C /* HistoryCellCollectionViewCell.swift */ = {isa = PBXFileReference; fileEncoding = 4; lastKnownFileType = sourcecode.swift; path = HistoryCellCollectionViewCell.swift; sourceTree = "<group>"; };
		5CCDC6821EAC875600D996DE /* HomeUnuserViewController.swift */ = {isa = PBXFileReference; fileEncoding = 4; lastKnownFileType = sourcecode.swift; path = HomeUnuserViewController.swift; sourceTree = "<group>"; };
		5CF7685A1EACBB83003CE4F5 /* ColorExtension.swift */ = {isa = PBXFileReference; fileEncoding = 4; lastKnownFileType = sourcecode.swift; path = ColorExtension.swift; sourceTree = "<group>"; };
		5CF7685C1EACBD2B003CE4F5 /* LoginViewController.swift */ = {isa = PBXFileReference; fileEncoding = 4; lastKnownFileType = sourcecode.swift; path = LoginViewController.swift; sourceTree = "<group>"; };
		6FFF0F9201142A9DEEAC80E1 /* Pods_HITRUM.framework */ = {isa = PBXFileReference; explicitFileType = wrapper.framework; includeInIndex = 0; path = Pods_HITRUM.framework; sourceTree = BUILT_PRODUCTS_DIR; };
		70FEFFD983C8336533BD0523 /* Pods-HITRUM.release.xcconfig */ = {isa = PBXFileReference; includeInIndex = 1; lastKnownFileType = text.xcconfig; name = "Pods-HITRUM.release.xcconfig"; path = "Pods/Target Support Files/Pods-HITRUM/Pods-HITRUM.release.xcconfig"; sourceTree = "<group>"; };
		A9EB706AC2055F7DAB2696CD /* Pods-HITRUM.debug.xcconfig */ = {isa = PBXFileReference; includeInIndex = 1; lastKnownFileType = text.xcconfig; name = "Pods-HITRUM.debug.xcconfig"; path = "Pods/Target Support Files/Pods-HITRUM/Pods-HITRUM.debug.xcconfig"; sourceTree = "<group>"; };
/* End PBXFileReference section */

/* Begin PBXFrameworksBuildPhase section */
		5C9CCC561EAC7D6D00B70366 /* Frameworks */ = {
			isa = PBXFrameworksBuildPhase;
			buildActionMask = 2147483647;
			files = (
				5C5F2EA71EB41E3000D7239E /* MapKit.framework in Frameworks */,
				B872A1B78B7770B2D7CCBA53 /* Pods_HITRUM.framework in Frameworks */,
			);
			runOnlyForDeploymentPostprocessing = 0;
		};
		5C9CCC6A1EAC7D6D00B70366 /* Frameworks */ = {
			isa = PBXFrameworksBuildPhase;
			buildActionMask = 2147483647;
			files = (
			);
			runOnlyForDeploymentPostprocessing = 0;
		};
		5C9CCC751EAC7D6D00B70366 /* Frameworks */ = {
			isa = PBXFrameworksBuildPhase;
			buildActionMask = 2147483647;
			files = (
			);
			runOnlyForDeploymentPostprocessing = 0;
		};
/* End PBXFrameworksBuildPhase section */

/* Begin PBXGroup section */
		54DAE2A2A591BC13C1E12306 /* Frameworks */ = {
			isa = PBXGroup;
			children = (
				5C5F2EA61EB41E3000D7239E /* MapKit.framework */,
				6FFF0F9201142A9DEEAC80E1 /* Pods_HITRUM.framework */,
			);
			name = Frameworks;
			sourceTree = "<group>";
		};
		5C06CE221EB2FF8000A27574 /* history */ = {
			isa = PBXGroup;
			children = (
				5CBC51271EB245FF0069E49C /* HistoryPresent.swift */,
			);
			name = history;
			sourceTree = "<group>";
		};
		5C06CE231EB2FF9100A27574 /* history */ = {
			isa = PBXGroup;
			children = (
				5CBC51291EB249030069E49C /* HistoryCollectionView.swift */,
				5CBC512D1EB24BB30069E49C /* HistoryCellCollectionViewCell.swift */,
			);
			name = history;
			sourceTree = "<group>";
		};
		5C06CE281EB3001800A27574 /* historyDetail */ = {
			isa = PBXGroup;
			children = (
				5C06CE261EB3000400A27574 /* HistoryDetailViewController.swift */,
				5C06CE2C1EB300AF00A27574 /* HistoryDetailCollectionView.swift */,
				5C06CE301EB3037200A27574 /* HistoryDetailCell.swift */,
			);
			name = historyDetail;
			sourceTree = "<group>";
		};
		5C06CE2B1EB3004400A27574 /* historyDetail */ = {
			isa = PBXGroup;
			children = (
				5C06CE291EB3003B00A27574 /* HistoryDetailPresent.swift */,
				5C06CE2E1EB3033200A27574 /* HistoryDetailCollectionPresent.swift */,
			);
			name = historyDetail;
			sourceTree = "<group>";
		};
		5C2365F51EB030E300C44C9C /* baseController */ = {
			isa = PBXGroup;
			children = (
				5C2365F31EB030DD00C44C9C /* BaseViewController.swift */,
				5CBC511C1EB21DDA0069E49C /* BaseCollectionViewCell.swift */,
			);
			name = baseController;
			sourceTree = "<group>";
		};
		5C2365F61EB0476D00C44C9C /* registerModule */ = {
			isa = PBXGroup;
			children = (
				5C2365FB1EB048BC00C44C9C /* server */,
				5C2365F71EB0479200C44C9C /* facebook */,
			);
			name = registerModule;
			sourceTree = "<group>";
		};
		5C2365F71EB0479200C44C9C /* facebook */ = {
			isa = PBXGroup;
			children = (
				5C2365F81EB047A500C44C9C /* present */,
				5C2365F91EB047AC00C44C9C /* view */,
				5C2365FF1EB0490E00C44C9C /* model */,
			);
			name = facebook;
			sourceTree = "<group>";
		};
		5C2365F81EB047A500C44C9C /* present */ = {
			isa = PBXGroup;
			children = (
				5C7328D91EAF6A1400EABDB9 /* FacebookLoginVerifyPresent.swift */,
			);
			name = present;
			sourceTree = "<group>";
		};
		5C2365F91EB047AC00C44C9C /* view */ = {
			isa = PBXGroup;
			children = (
				5C7328DB1EAF6A4F00EABDB9 /* FacebookLoginView.swift */,
			);
			name = view;
			sourceTree = "<group>";
		};
		5C2365FA1EB047E800C44C9C /* server */ = {
			isa = PBXGroup;
			children = (
				5C7328D71EAF4CE400EABDB9 /* present */,
				5C7328D81EAF4CF100EABDB9 /* view */,
				5C2366001EB0494C00C44C9C /* model */,
			);
			name = server;
			sourceTree = "<group>";
		};
		5C2365FB1EB048BC00C44C9C /* server */ = {
			isa = PBXGroup;
			children = (
				5C2365FC1EB048C500C44C9C /* present */,
				5C2365FD1EB048D000C44C9C /* view */,
				5C2365FE1EB048FE00C44C9C /* model */,
			);
			name = server;
			sourceTree = "<group>";
		};
		5C2365FC1EB048C500C44C9C /* present */ = {
			isa = PBXGroup;
			children = (
				5C2366011EB049DD00C44C9C /* OTPVerifyPresent.swift */,
			);
			name = present;
			sourceTree = "<group>";
		};
		5C2365FD1EB048D000C44C9C /* view */ = {
			isa = PBXGroup;
			children = (
				5C2366031EB049F800C44C9C /* OTPVerifyView.swift */,
			);
			name = view;
			sourceTree = "<group>";
		};
		5C2365FE1EB048FE00C44C9C /* model */ = {
			isa = PBXGroup;
			children = (
			);
			name = model;
			sourceTree = "<group>";
		};
		5C2365FF1EB0490E00C44C9C /* model */ = {
			isa = PBXGroup;
			children = (
			);
			name = model;
			sourceTree = "<group>";
		};
		5C2366001EB0494C00C44C9C /* model */ = {
			isa = PBXGroup;
			children = (
			);
			name = model;
			sourceTree = "<group>";
		};
		5C2366071EB084D400C44C9C /* homeUser */ = {
			isa = PBXGroup;
			children = (
				5C5F2EA11EB41A8600D7239E /* present */,
				5C5F2EA21EB41A9800D7239E /* view */,
				5C5F2EA31EB41A9F00D7239E /* model */,
			);
			name = homeUser;
			sourceTree = "<group>";
		};
		5C3830351EB4AA03006C2F02 /* forgotPassword */ = {
			isa = PBXGroup;
			children = (
				5C38303A1EB4AA51006C2F02 /* present */,
				5C38303B1EB4AA5A006C2F02 /* view */,
			);
			name = forgotPassword;
			sourceTree = "<group>";
		};
		5C38303A1EB4AA51006C2F02 /* present */ = {
			isa = PBXGroup;
			children = (
				5C3830361EB4AA34006C2F02 /* ForgotPasswordPresent.swift */,
			);
			name = present;
			sourceTree = "<group>";
		};
		5C38303B1EB4AA5A006C2F02 /* view */ = {
			isa = PBXGroup;
			children = (
				5C3830381EB4AA4A006C2F02 /* ForgotPasswordViewController.swift */,
			);
			name = view;
			sourceTree = "<group>";
		};
		5C4C8C5C1EB1A01B00106215 /* menuPages */ = {
			isa = PBXGroup;
			children = (
				5CBC51221EB23D730069E49C /* history */,
				5C4C8C5D1EB1A03000106215 /* setting */,
				5CBC510C1EB204A40069E49C /* news */,
			);
			name = menuPages;
			sourceTree = "<group>";
		};
		5C4C8C5D1EB1A03000106215 /* setting */ = {
			isa = PBXGroup;
			children = (
				5C4C8C621EB1A0FE00106215 /* present */,
				5C4C8C631EB1A10600106215 /* view */,
			);
			name = setting;
			sourceTree = "<group>";
		};
		5C4C8C621EB1A0FE00106215 /* present */ = {
			isa = PBXGroup;
			children = (
				5C4C8C5E1EB1A0DC00106215 /* SettingPresent.swift */,
				5CBC51051EB1EF740069E49C /* EditPresent.swift */,
			);
			name = present;
			sourceTree = "<group>";
		};
		5C4C8C631EB1A10600106215 /* view */ = {
			isa = PBXGroup;
			children = (
				5C4C8C601EB1A0F800106215 /* SettingViewController.swift */,
				5CBC51071EB1EF820069E49C /* EditViewController.swift */,
			);
			name = view;
			sourceTree = "<group>";
		};
		5C5F2EA11EB41A8600D7239E /* present */ = {
			isa = PBXGroup;
			children = (
				5C5F2EA41EB41AE900D7239E /* UserHomePresent.swift */,
			);
			name = present;
			sourceTree = "<group>";
		};
		5C5F2EA21EB41A9800D7239E /* view */ = {
			isa = PBXGroup;
			children = (
				5C2366091EB0854300C44C9C /* UserHomeViewController.swift */,
				5C23660B1EB085D700C44C9C /* MenuViewController.swift */,
				5C4C8C571EB18A4100106215 /* CellMenu.swift */,
			);
			name = view;
			sourceTree = "<group>";
		};
		5C5F2EA31EB41A9F00D7239E /* model */ = {
			isa = PBXGroup;
			children = (
				5C4C8C591EB19A2900106215 /* MenuModel.swift */,
			);
			name = model;
			sourceTree = "<group>";
		};
		5C7328D41EAF4C9800EABDB9 /* loginModule */ = {
			isa = PBXGroup;
			children = (
				5C2365FA1EB047E800C44C9C /* server */,
			);
			name = loginModule;
			sourceTree = "<group>";
		};
		5C7328D71EAF4CE400EABDB9 /* present */ = {
			isa = PBXGroup;
			children = (
				5C7328D51EAF4CD300EABDB9 /* LoginPresent.swift */,
			);
			name = present;
			sourceTree = "<group>";
		};
		5C7328D81EAF4CF100EABDB9 /* view */ = {
			isa = PBXGroup;
			children = (
				5CF7685C1EACBD2B003CE4F5 /* LoginViewController.swift */,
			);
			name = view;
			sourceTree = "<group>";
		};
		5C7328DD1EAF6F8700EABDB9 /* viewExtendsion */ = {
			isa = PBXGroup;
			children = (
				5CF7685A1EACBB83003CE4F5 /* ColorExtension.swift */,
				5C7328D21EAF1D4500EABDB9 /* UITextFieldExtension.swift */,
				5C7328E11EAF71D000EABDB9 /* UILabelExtension.swift */,
				5C2365F11EB02D9F00C44C9C /* ButtonExtension.swift */,
				5C23660D1EB09ADC00C44C9C /* UIImageView.swift */,
				5C4C8C641EB1B0D800106215 /* CustomImage.swift */,
				5C4C8C661EB1C4F200106215 /* UIBarExtension.swift */,
			);
			name = viewExtendsion;
			sourceTree = "<group>";
		};
		5C7328DE1EAF6FAD00EABDB9 /* singleHomePageModule */ = {
			isa = PBXGroup;
			children = (
				5C9CCC8C1EAC7DFD00B70366 /* SplashController.swift */,
				5CCDC6821EAC875600D996DE /* HomeUnuserViewController.swift */,
				5C2366051EB06FC900C44C9C /* SuccessFullPageViewController.swift */,
			);
			name = singleHomePageModule;
			sourceTree = "<group>";
		};
		5C7328DF1EAF6FCA00EABDB9 /* appDelegate */ = {
			isa = PBXGroup;
			children = (
				5C9CCC5C1EAC7D6D00B70366 /* AppDelegate.swift */,
			);
			name = appDelegate;
			sourceTree = "<group>";
		};
		5C7328E01EAF6FE500EABDB9 /* modules */ = {
			isa = PBXGroup;
			children = (
				5C2365F51EB030E300C44C9C /* baseController */,
				5C7328DE1EAF6FAD00EABDB9 /* singleHomePageModule */,
				5C782BE21EB5C4870015B0FB /* user */,
			);
			name = modules;
			sourceTree = "<group>";
		};
		5C782BD41EB581850015B0FB /* newPassword */ = {
			isa = PBXGroup;
			children = (
				5C782BD51EB581910015B0FB /* present */,
				5C782BD61EB581990015B0FB /* view */,
			);
			name = newPassword;
			sourceTree = "<group>";
		};
		5C782BD51EB581910015B0FB /* present */ = {
			isa = PBXGroup;
			children = (
				5C782BD01EB5816C0015B0FB /* NewPasswordPresent.swift */,
			);
			name = present;
			sourceTree = "<group>";
		};
		5C782BD61EB581990015B0FB /* view */ = {
			isa = PBXGroup;
			children = (
				5C782BD21EB581800015B0FB /* NewPasswordViewController.swift */,
			);
			name = view;
			sourceTree = "<group>";
		};
		5C782BD71EB5BDFD0015B0FB /* userControl */ = {
			isa = PBXGroup;
			children = (
				5C2365F61EB0476D00C44C9C /* registerModule */,
				5C7328D41EAF4C9800EABDB9 /* loginModule */,
				5C3830351EB4AA03006C2F02 /* forgotPassword */,
				5C4C8C5C1EB1A01B00106215 /* menuPages */,
				5C782BD41EB581850015B0FB /* newPassword */,
			);
			name = userControl;
			sourceTree = "<group>";
		};
		5C782BD81EB5BE5B0015B0FB /* userAction */ = {
			isa = PBXGroup;
			children = (
				5C782BD91EB5BFCE0015B0FB /* chooseLocation */,
				5C2366071EB084D400C44C9C /* homeUser */,
			);
			name = userAction;
			sourceTree = "<group>";
		};
		5C782BD91EB5BFCE0015B0FB /* chooseLocation */ = {
			isa = PBXGroup;
			children = (
				5C782BDA1EB5BFDB0015B0FB /* present */,
				5C782BDB1EB5BFE10015B0FB /* view */,
				5C782BDD1EB5C0590015B0FB /* model */,
			);
			name = chooseLocation;
			sourceTree = "<group>";
		};
		5C782BDA1EB5BFDB0015B0FB /* present */ = {
			isa = PBXGroup;
			children = (
				5C782BDE1EB5C08C0015B0FB /* ChooseLocationPresent.swift */,
				5C782BE51EB5C5380015B0FB /* SearchResultPresent.swift */,
			);
			name = present;
			sourceTree = "<group>";
		};
		5C782BDB1EB5BFE10015B0FB /* view */ = {
			isa = PBXGroup;
			children = (
				5C782BE01EB5C09C0015B0FB /* ChooseLocationViewController.swift */,
				5C782BE31EB5C5140015B0FB /* SearchResultCollectionViewController.swift */,
				5C782BE71EB5C5660015B0FB /* SearchResultCell.swift */,
			);
			name = view;
			sourceTree = "<group>";
		};
		5C782BDD1EB5C0590015B0FB /* model */ = {
			isa = PBXGroup;
			children = (
				5C782BE91EB5D43E0015B0FB /* ChooseLocationResult.swift */,
			);
			name = model;
			sourceTree = "<group>";
		};
		5C782BE21EB5C4870015B0FB /* user */ = {
			isa = PBXGroup;
			children = (
				5C782BD71EB5BDFD0015B0FB /* userControl */,
				5C782BD81EB5BE5B0015B0FB /* userAction */,
			);
			name = user;
			sourceTree = "<group>";
		};
		5C9CCC501EAC7D6D00B70366 = {
			isa = PBXGroup;
			children = (
				5C9CCC5B1EAC7D6D00B70366 /* HITRUM */,
				5C9CCC701EAC7D6D00B70366 /* HITRUMTests */,
				5C9CCC7B1EAC7D6D00B70366 /* HITRUMUITests */,
				5C9CCC5A1EAC7D6D00B70366 /* Products */,
				A131F20BB803D99300F97A9A /* Pods */,
				54DAE2A2A591BC13C1E12306 /* Frameworks */,
			);
			sourceTree = "<group>";
		};
		5C9CCC5A1EAC7D6D00B70366 /* Products */ = {
			isa = PBXGroup;
			children = (
				5C9CCC591EAC7D6D00B70366 /* HITRUM.app */,
				5C9CCC6D1EAC7D6D00B70366 /* HITRUMTests.xctest */,
				5C9CCC781EAC7D6D00B70366 /* HITRUMUITests.xctest */,
			);
			name = Products;
			sourceTree = "<group>";
		};
		5C9CCC5B1EAC7D6D00B70366 /* HITRUM */ = {
			isa = PBXGroup;
			children = (
				5C7328DF1EAF6FCA00EABDB9 /* appDelegate */,
				5C7328E01EAF6FE500EABDB9 /* modules */,
				5C7328DD1EAF6F8700EABDB9 /* viewExtendsion */,
				5CF15B381EACEF4100D1195E /* assist */,
			);
			path = HITRUM;
			sourceTree = "<group>";
		};
		5C9CCC701EAC7D6D00B70366 /* HITRUMTests */ = {
			isa = PBXGroup;
			children = (
				5C9CCC711EAC7D6D00B70366 /* HITRUMTests.swift */,
				5C9CCC731EAC7D6D00B70366 /* Info.plist */,
			);
			path = HITRUMTests;
			sourceTree = "<group>";
		};
		5C9CCC7B1EAC7D6D00B70366 /* HITRUMUITests */ = {
			isa = PBXGroup;
			children = (
				5C9CCC7C1EAC7D6D00B70366 /* HITRUMUITests.swift */,
				5C9CCC7E1EAC7D6D00B70366 /* Info.plist */,
			);
			path = HITRUMUITests;
			sourceTree = "<group>";
		};
		5CBC510C1EB204A40069E49C /* news */ = {
			isa = PBXGroup;
			children = (
				5CBC510D1EB204B20069E49C /* present */,
				5CBC51101EB204C90069E49C /* view */,
				5CBC51111EB205490069E49C /* model */,
			);
			name = news;
			sourceTree = "<group>";
		};
		5CBC510D1EB204B20069E49C /* present */ = {
			isa = PBXGroup;
			children = (
				5CBC51161EB21C500069E49C /* NewsCollectionViewPresent.swift */,
				5CBC511E1EB232480069E49C /* NewsDetailPresent.swift */,
			);
			name = present;
			sourceTree = "<group>";
		};
		5CBC51101EB204C90069E49C /* view */ = {
			isa = PBXGroup;
			children = (
				5CBC51181EB21C710069E49C /* NewsCollectionView.swift */,
				5CBC511A1EB21C950069E49C /* NewsCollectionCell.swift */,
				5CBC51201EB232780069E49C /* NewsDetailViewController.swift */,
			);
			name = view;
			sourceTree = "<group>";
		};
		5CBC51111EB205490069E49C /* model */ = {
			isa = PBXGroup;
			children = (
				5CBC51141EB207680069E49C /* NewsModel.swift */,
			);
			name = model;
			sourceTree = "<group>";
		};
		5CBC51221EB23D730069E49C /* history */ = {
			isa = PBXGroup;
			children = (
				5CBC51231EB23F340069E49C /* present */,
				5CBC51251EB23F560069E49C /* view */,
				5CBC51261EB23F5F0069E49C /* model */,
			);
			name = history;
			sourceTree = "<group>";
		};
		5CBC51231EB23F340069E49C /* present */ = {
			isa = PBXGroup;
			children = (
				5C06CE221EB2FF8000A27574 /* history */,
				5C06CE2B1EB3004400A27574 /* historyDetail */,
			);
			name = present;
			sourceTree = "<group>";
		};
		5CBC51251EB23F560069E49C /* view */ = {
			isa = PBXGroup;
			children = (
				5C06CE231EB2FF9100A27574 /* history */,
				5C06CE281EB3001800A27574 /* historyDetail */,
			);
			name = view;
			sourceTree = "<group>";
		};
		5CBC51261EB23F5F0069E49C /* model */ = {
			isa = PBXGroup;
			children = (
				5CBC512B1EB249250069E49C /* HistoryModel.swift */,
				5C3FD4C21EB3368F00E44EEC /* HistoryDetailModel.swift */,
			);
			name = model;
			sourceTree = "<group>";
		};
		5CF15B381EACEF4100D1195E /* assist */ = {
			isa = PBXGroup;
			children = (
				5C9CCC631EAC7D6D00B70366 /* Assets.xcassets */,
				5C9CCC651EAC7D6D00B70366 /* LaunchScreen.storyboard */,
				5C9CCC681EAC7D6D00B70366 /* Info.plist */,
				5C06CE1E1EB2CE8E00A27574 /* Localizable.strings */,
			);
			name = assist;
			sourceTree = "<group>";
		};
		A131F20BB803D99300F97A9A /* Pods */ = {
			isa = PBXGroup;
			children = (
				A9EB706AC2055F7DAB2696CD /* Pods-HITRUM.debug.xcconfig */,
				70FEFFD983C8336533BD0523 /* Pods-HITRUM.release.xcconfig */,
			);
			name = Pods;
			sourceTree = "<group>";
		};
/* End PBXGroup section */

/* Begin PBXNativeTarget section */
		5C9CCC581EAC7D6D00B70366 /* HITRUM */ = {
			isa = PBXNativeTarget;
			buildConfigurationList = 5C9CCC811EAC7D6D00B70366 /* Build configuration list for PBXNativeTarget "HITRUM" */;
			buildPhases = (
				14B20CE81688AB731A06BDCD /* [CP] Check Pods Manifest.lock */,
				5C9CCC551EAC7D6D00B70366 /* Sources */,
				5C9CCC561EAC7D6D00B70366 /* Frameworks */,
				5C9CCC571EAC7D6D00B70366 /* Resources */,
				0B391FE15B1B8279FD896D6A /* [CP] Embed Pods Frameworks */,
				A603E2B624A4D9173E2EB9AF /* [CP] Copy Pods Resources */,
			);
			buildRules = (
			);
			dependencies = (
			);
			name = HITRUM;
			productName = HITRUM;
			productReference = 5C9CCC591EAC7D6D00B70366 /* HITRUM.app */;
			productType = "com.apple.product-type.application";
		};
		5C9CCC6C1EAC7D6D00B70366 /* HITRUMTests */ = {
			isa = PBXNativeTarget;
			buildConfigurationList = 5C9CCC841EAC7D6D00B70366 /* Build configuration list for PBXNativeTarget "HITRUMTests" */;
			buildPhases = (
				5C9CCC691EAC7D6D00B70366 /* Sources */,
				5C9CCC6A1EAC7D6D00B70366 /* Frameworks */,
				5C9CCC6B1EAC7D6D00B70366 /* Resources */,
			);
			buildRules = (
			);
			dependencies = (
				5C9CCC6F1EAC7D6D00B70366 /* PBXTargetDependency */,
			);
			name = HITRUMTests;
			productName = HITRUMTests;
			productReference = 5C9CCC6D1EAC7D6D00B70366 /* HITRUMTests.xctest */;
			productType = "com.apple.product-type.bundle.unit-test";
		};
		5C9CCC771EAC7D6D00B70366 /* HITRUMUITests */ = {
			isa = PBXNativeTarget;
			buildConfigurationList = 5C9CCC871EAC7D6D00B70366 /* Build configuration list for PBXNativeTarget "HITRUMUITests" */;
			buildPhases = (
				5C9CCC741EAC7D6D00B70366 /* Sources */,
				5C9CCC751EAC7D6D00B70366 /* Frameworks */,
				5C9CCC761EAC7D6D00B70366 /* Resources */,
			);
			buildRules = (
			);
			dependencies = (
				5C9CCC7A1EAC7D6D00B70366 /* PBXTargetDependency */,
			);
			name = HITRUMUITests;
			productName = HITRUMUITests;
			productReference = 5C9CCC781EAC7D6D00B70366 /* HITRUMUITests.xctest */;
			productType = "com.apple.product-type.bundle.ui-testing";
		};
/* End PBXNativeTarget section */

/* Begin PBXProject section */
		5C9CCC511EAC7D6D00B70366 /* Project object */ = {
			isa = PBXProject;
			attributes = {
				LastSwiftUpdateCheck = 0830;
				LastUpgradeCheck = 0830;
				ORGANIZATIONNAME = SSd;
				TargetAttributes = {
					5C9CCC581EAC7D6D00B70366 = {
						CreatedOnToolsVersion = 8.3.2;
						DevelopmentTeam = 89TP3C25P2;
						ProvisioningStyle = Automatic;
						SystemCapabilities = {
							com.apple.BackgroundModes = {
								enabled = 1;
							};
						};
					};
					5C9CCC6C1EAC7D6D00B70366 = {
						CreatedOnToolsVersion = 8.3.2;
						DevelopmentTeam = 89TP3C25P2;
						ProvisioningStyle = Automatic;
						TestTargetID = 5C9CCC581EAC7D6D00B70366;
					};
					5C9CCC771EAC7D6D00B70366 = {
						CreatedOnToolsVersion = 8.3.2;
						DevelopmentTeam = 89TP3C25P2;
						ProvisioningStyle = Automatic;
						TestTargetID = 5C9CCC581EAC7D6D00B70366;
					};
				};
			};
			buildConfigurationList = 5C9CCC541EAC7D6D00B70366 /* Build configuration list for PBXProject "HITRUM" */;
			compatibilityVersion = "Xcode 3.2";
			developmentRegion = English;
			hasScannedForEncodings = 0;
			knownRegions = (
				en,
				Base,
				ko,
			);
			mainGroup = 5C9CCC501EAC7D6D00B70366;
			productRefGroup = 5C9CCC5A1EAC7D6D00B70366 /* Products */;
			projectDirPath = "";
			projectRoot = "";
			targets = (
				5C9CCC581EAC7D6D00B70366 /* HITRUM */,
				5C9CCC6C1EAC7D6D00B70366 /* HITRUMTests */,
				5C9CCC771EAC7D6D00B70366 /* HITRUMUITests */,
			);
		};
/* End PBXProject section */

/* Begin PBXResourcesBuildPhase section */
		5C9CCC571EAC7D6D00B70366 /* Resources */ = {
			isa = PBXResourcesBuildPhase;
			buildActionMask = 2147483647;
			files = (
				5C9CCC671EAC7D6D00B70366 /* LaunchScreen.storyboard in Resources */,
				5C06CE1C1EB2CE8E00A27574 /* Localizable.strings in Resources */,
				5C9CCC641EAC7D6D00B70366 /* Assets.xcassets in Resources */,
			);
			runOnlyForDeploymentPostprocessing = 0;
		};
		5C9CCC6B1EAC7D6D00B70366 /* Resources */ = {
			isa = PBXResourcesBuildPhase;
			buildActionMask = 2147483647;
			files = (
			);
			runOnlyForDeploymentPostprocessing = 0;
		};
		5C9CCC761EAC7D6D00B70366 /* Resources */ = {
			isa = PBXResourcesBuildPhase;
			buildActionMask = 2147483647;
			files = (
			);
			runOnlyForDeploymentPostprocessing = 0;
		};
/* End PBXResourcesBuildPhase section */

/* Begin PBXShellScriptBuildPhase section */
		0B391FE15B1B8279FD896D6A /* [CP] Embed Pods Frameworks */ = {
			isa = PBXShellScriptBuildPhase;
			buildActionMask = 2147483647;
			files = (
			);
			inputPaths = (
			);
			name = "[CP] Embed Pods Frameworks";
			outputPaths = (
			);
			runOnlyForDeploymentPostprocessing = 0;
			shellPath = /bin/sh;
			shellScript = "\"${SRCROOT}/Pods/Target Support Files/Pods-HITRUM/Pods-HITRUM-frameworks.sh\"\n";
			showEnvVarsInLog = 0;
		};
		14B20CE81688AB731A06BDCD /* [CP] Check Pods Manifest.lock */ = {
			isa = PBXShellScriptBuildPhase;
			buildActionMask = 2147483647;
			files = (
			);
			inputPaths = (
			);
			name = "[CP] Check Pods Manifest.lock";
			outputPaths = (
			);
			runOnlyForDeploymentPostprocessing = 0;
			shellPath = /bin/sh;
			shellScript = "diff \"${PODS_ROOT}/../Podfile.lock\" \"${PODS_ROOT}/Manifest.lock\" > /dev/null\nif [ $? != 0 ] ; then\n    # print error to STDERR\n    echo \"error: The sandbox is not in sync with the Podfile.lock. Run 'pod install' or update your CocoaPods installation.\" >&2\n    exit 1\nfi\n";
			showEnvVarsInLog = 0;
		};
		A603E2B624A4D9173E2EB9AF /* [CP] Copy Pods Resources */ = {
			isa = PBXShellScriptBuildPhase;
			buildActionMask = 2147483647;
			files = (
			);
			inputPaths = (
			);
			name = "[CP] Copy Pods Resources";
			outputPaths = (
			);
			runOnlyForDeploymentPostprocessing = 0;
			shellPath = /bin/sh;
			shellScript = "\"${SRCROOT}/Pods/Target Support Files/Pods-HITRUM/Pods-HITRUM-resources.sh\"\n";
			showEnvVarsInLog = 0;
		};
/* End PBXShellScriptBuildPhase section */

/* Begin PBXSourcesBuildPhase section */
		5C9CCC551EAC7D6D00B70366 /* Sources */ = {
			isa = PBXSourcesBuildPhase;
			buildActionMask = 2147483647;
			files = (
				5CBC51081EB1EF820069E49C /* EditViewController.swift in Sources */,
				5C06CE2F1EB3033200A27574 /* HistoryDetailCollectionPresent.swift in Sources */,
				5C2365F21EB02D9F00C44C9C /* ButtonExtension.swift in Sources */,
				5C3FD4C31EB3368F00E44EEC /* HistoryDetailModel.swift in Sources */,
				5C4C8C581EB18A4100106215 /* CellMenu.swift in Sources */,
				5CBC511F1EB232480069E49C /* NewsDetailPresent.swift in Sources */,
				5CBC512A1EB249030069E49C /* HistoryCollectionView.swift in Sources */,
				5CF7685D1EACBD2B003CE4F5 /* LoginViewController.swift in Sources */,
				5C06CE311EB3037200A27574 /* HistoryDetailCell.swift in Sources */,
				5C7328E21EAF71D000EABDB9 /* UILabelExtension.swift in Sources */,
				5CBC51211EB232780069E49C /* NewsDetailViewController.swift in Sources */,
				5CF7685B1EACBB84003CE4F5 /* ColorExtension.swift in Sources */,
				5C9CCC5D1EAC7D6D00B70366 /* AppDelegate.swift in Sources */,
				5CBC511D1EB21DDA0069E49C /* BaseCollectionViewCell.swift in Sources */,
				5C782BE61EB5C5380015B0FB /* SearchResultPresent.swift in Sources */,
				5C2365F41EB030DD00C44C9C /* BaseViewController.swift in Sources */,
				5C4C8C671EB1C4F200106215 /* UIBarExtension.swift in Sources */,
				5C2366061EB06FC900C44C9C /* SuccessFullPageViewController.swift in Sources */,
				5C9CCC8D1EAC7DFD00B70366 /* SplashController.swift in Sources */,
				5CBC51061EB1EF740069E49C /* EditPresent.swift in Sources */,
				5C06CE2D1EB300AF00A27574 /* HistoryDetailCollectionView.swift in Sources */,
				5CBC51281EB245FF0069E49C /* HistoryPresent.swift in Sources */,
				5C5F2EA51EB41AE900D7239E /* UserHomePresent.swift in Sources */,
				5C4C8C651EB1B0D800106215 /* CustomImage.swift in Sources */,
				5CCDC6831EAC875600D996DE /* HomeUnuserViewController.swift in Sources */,
				5C3830391EB4AA4A006C2F02 /* ForgotPasswordViewController.swift in Sources */,
				5C7328DA1EAF6A1400EABDB9 /* FacebookLoginVerifyPresent.swift in Sources */,
				5CBC512C1EB249250069E49C /* HistoryModel.swift in Sources */,
				5C782BDF1EB5C08C0015B0FB /* ChooseLocationPresent.swift in Sources */,
				5CBC51171EB21C500069E49C /* NewsCollectionViewPresent.swift in Sources */,
				5C23660E1EB09ADC00C44C9C /* UIImageView.swift in Sources */,
				5C06CE2A1EB3003B00A27574 /* HistoryDetailPresent.swift in Sources */,
				5C782BD11EB5816C0015B0FB /* NewPasswordPresent.swift in Sources */,
				5C4C8C5A1EB19A2900106215 /* MenuModel.swift in Sources */,
				5C7328D31EAF1D4500EABDB9 /* UITextFieldExtension.swift in Sources */,
				5C23660C1EB085D700C44C9C /* MenuViewController.swift in Sources */,
				5CBC512E1EB24BB30069E49C /* HistoryCellCollectionViewCell.swift in Sources */,
				5C2366021EB049DD00C44C9C /* OTPVerifyPresent.swift in Sources */,
				5C7328DC1EAF6A4F00EABDB9 /* FacebookLoginView.swift in Sources */,
				5C782BE11EB5C09C0015B0FB /* ChooseLocationViewController.swift in Sources */,
				5CBC51191EB21C710069E49C /* NewsCollectionView.swift in Sources */,
				5C782BD31EB581800015B0FB /* NewPasswordViewController.swift in Sources */,
				5C782BE41EB5C5140015B0FB /* SearchResultCollectionViewController.swift in Sources */,
				5C782BEA1EB5D43E0015B0FB /* ChooseLocationResult.swift in Sources */,
				5C4C8C611EB1A0F800106215 /* SettingViewController.swift in Sources */,
				5C3830371EB4AA34006C2F02 /* ForgotPasswordPresent.swift in Sources */,
				5CBC51151EB207680069E49C /* NewsModel.swift in Sources */,
				5CBC511B1EB21C950069E49C /* NewsCollectionCell.swift in Sources */,
				5C7328D61EAF4CD300EABDB9 /* LoginPresent.swift in Sources */,
				5C782BE81EB5C5660015B0FB /* SearchResultCell.swift in Sources */,
				5C23660A1EB0854300C44C9C /* UserHomeViewController.swift in Sources */,
				5C06CE271EB3000400A27574 /* HistoryDetailViewController.swift in Sources */,
				5C4C8C5F1EB1A0DC00106215 /* SettingPresent.swift in Sources */,
				5C2366041EB049F800C44C9C /* OTPVerifyView.swift in Sources */,
			);
			runOnlyForDeploymentPostprocessing = 0;
		};
		5C9CCC691EAC7D6D00B70366 /* Sources */ = {
			isa = PBXSourcesBuildPhase;
			buildActionMask = 2147483647;
			files = (
				5C9CCC721EAC7D6D00B70366 /* HITRUMTests.swift in Sources */,
			);
			runOnlyForDeploymentPostprocessing = 0;
		};
		5C9CCC741EAC7D6D00B70366 /* Sources */ = {
			isa = PBXSourcesBuildPhase;
			buildActionMask = 2147483647;
			files = (
				5C9CCC7D1EAC7D6D00B70366 /* HITRUMUITests.swift in Sources */,
			);
			runOnlyForDeploymentPostprocessing = 0;
		};
/* End PBXSourcesBuildPhase section */

/* Begin PBXTargetDependency section */
		5C9CCC6F1EAC7D6D00B70366 /* PBXTargetDependency */ = {
			isa = PBXTargetDependency;
			target = 5C9CCC581EAC7D6D00B70366 /* HITRUM */;
			targetProxy = 5C9CCC6E1EAC7D6D00B70366 /* PBXContainerItemProxy */;
		};
		5C9CCC7A1EAC7D6D00B70366 /* PBXTargetDependency */ = {
			isa = PBXTargetDependency;
			target = 5C9CCC581EAC7D6D00B70366 /* HITRUM */;
			targetProxy = 5C9CCC791EAC7D6D00B70366 /* PBXContainerItemProxy */;
		};
/* End PBXTargetDependency section */

/* Begin PBXVariantGroup section */
		5C06CE1E1EB2CE8E00A27574 /* Localizable.strings */ = {
			isa = PBXVariantGroup;
			children = (
				5C06CE1D1EB2CE8E00A27574 /* vi */,
				5C06CE1F1EB2CE9800A27574 /* en */,
				5C06CE211EB2D08000A27574 /* ko */,
			);
			name = Localizable.strings;
			sourceTree = "<group>";
		};
		5C9CCC651EAC7D6D00B70366 /* LaunchScreen.storyboard */ = {
			isa = PBXVariantGroup;
			children = (
				5C9CCC661EAC7D6D00B70366 /* Base */,
				5C06CE1B1EB2CD8D00A27574 /* vi */,
				5C06CE201EB2D08000A27574 /* ko */,
			);
			name = LaunchScreen.storyboard;
			sourceTree = "<group>";
		};
/* End PBXVariantGroup section */

/* Begin XCBuildConfiguration section */
		5C9CCC7F1EAC7D6D00B70366 /* Debug */ = {
			isa = XCBuildConfiguration;
			buildSettings = {
				ALWAYS_SEARCH_USER_PATHS = NO;
				CLANG_ANALYZER_LOCALIZABILITY_NONLOCALIZED = YES;
				CLANG_ANALYZER_NONNULL = YES;
				CLANG_ANALYZER_NUMBER_OBJECT_CONVERSION = YES_AGGRESSIVE;
				CLANG_CXX_LANGUAGE_STANDARD = "gnu++0x";
				CLANG_CXX_LIBRARY = "libc++";
				CLANG_ENABLE_MODULES = YES;
				CLANG_ENABLE_OBJC_ARC = YES;
				CLANG_WARN_BOOL_CONVERSION = YES;
				CLANG_WARN_CONSTANT_CONVERSION = YES;
				CLANG_WARN_DIRECT_OBJC_ISA_USAGE = YES_ERROR;
				CLANG_WARN_DOCUMENTATION_COMMENTS = YES;
				CLANG_WARN_EMPTY_BODY = YES;
				CLANG_WARN_ENUM_CONVERSION = YES;
				CLANG_WARN_INFINITE_RECURSION = YES;
				CLANG_WARN_INT_CONVERSION = YES;
				CLANG_WARN_OBJC_ROOT_CLASS = YES_ERROR;
				CLANG_WARN_SUSPICIOUS_MOVE = YES;
				CLANG_WARN_UNREACHABLE_CODE = YES;
				CLANG_WARN__DUPLICATE_METHOD_MATCH = YES;
				"CODE_SIGN_IDENTITY[sdk=iphoneos*]" = "iPhone Developer";
				COPY_PHASE_STRIP = NO;
				DEBUG_INFORMATION_FORMAT = dwarf;
				ENABLE_STRICT_OBJC_MSGSEND = YES;
				ENABLE_TESTABILITY = YES;
				GCC_C_LANGUAGE_STANDARD = gnu99;
				GCC_DYNAMIC_NO_PIC = NO;
				GCC_NO_COMMON_BLOCKS = YES;
				GCC_OPTIMIZATION_LEVEL = 0;
				GCC_PREPROCESSOR_DEFINITIONS = (
					"DEBUG=1",
					"$(inherited)",
				);
				GCC_WARN_64_TO_32_BIT_CONVERSION = YES;
				GCC_WARN_ABOUT_RETURN_TYPE = YES_ERROR;
				GCC_WARN_UNDECLARED_SELECTOR = YES;
				GCC_WARN_UNINITIALIZED_AUTOS = YES_AGGRESSIVE;
				GCC_WARN_UNUSED_FUNCTION = YES;
				GCC_WARN_UNUSED_VARIABLE = YES;
				IPHONEOS_DEPLOYMENT_TARGET = 10.3;
				MTL_ENABLE_DEBUG_INFO = YES;
				ONLY_ACTIVE_ARCH = YES;
				SDKROOT = iphoneos;
				SWIFT_ACTIVE_COMPILATION_CONDITIONS = DEBUG;
				SWIFT_OPTIMIZATION_LEVEL = "-Onone";
			};
			name = Debug;
		};
		5C9CCC801EAC7D6D00B70366 /* Release */ = {
			isa = XCBuildConfiguration;
			buildSettings = {
				ALWAYS_SEARCH_USER_PATHS = NO;
				CLANG_ANALYZER_LOCALIZABILITY_NONLOCALIZED = YES;
				CLANG_ANALYZER_NONNULL = YES;
				CLANG_ANALYZER_NUMBER_OBJECT_CONVERSION = YES_AGGRESSIVE;
				CLANG_CXX_LANGUAGE_STANDARD = "gnu++0x";
				CLANG_CXX_LIBRARY = "libc++";
				CLANG_ENABLE_MODULES = YES;
				CLANG_ENABLE_OBJC_ARC = YES;
				CLANG_WARN_BOOL_CONVERSION = YES;
				CLANG_WARN_CONSTANT_CONVERSION = YES;
				CLANG_WARN_DIRECT_OBJC_ISA_USAGE = YES_ERROR;
				CLANG_WARN_DOCUMENTATION_COMMENTS = YES;
				CLANG_WARN_EMPTY_BODY = YES;
				CLANG_WARN_ENUM_CONVERSION = YES;
				CLANG_WARN_INFINITE_RECURSION = YES;
				CLANG_WARN_INT_CONVERSION = YES;
				CLANG_WARN_OBJC_ROOT_CLASS = YES_ERROR;
				CLANG_WARN_SUSPICIOUS_MOVE = YES;
				CLANG_WARN_UNREACHABLE_CODE = YES;
				CLANG_WARN__DUPLICATE_METHOD_MATCH = YES;
				"CODE_SIGN_IDENTITY[sdk=iphoneos*]" = "iPhone Developer";
				COPY_PHASE_STRIP = NO;
				DEBUG_INFORMATION_FORMAT = "dwarf-with-dsym";
				ENABLE_NS_ASSERTIONS = NO;
				ENABLE_STRICT_OBJC_MSGSEND = YES;
				GCC_C_LANGUAGE_STANDARD = gnu99;
				GCC_NO_COMMON_BLOCKS = YES;
				GCC_WARN_64_TO_32_BIT_CONVERSION = YES;
				GCC_WARN_ABOUT_RETURN_TYPE = YES_ERROR;
				GCC_WARN_UNDECLARED_SELECTOR = YES;
				GCC_WARN_UNINITIALIZED_AUTOS = YES_AGGRESSIVE;
				GCC_WARN_UNUSED_FUNCTION = YES;
				GCC_WARN_UNUSED_VARIABLE = YES;
				IPHONEOS_DEPLOYMENT_TARGET = 10.3;
				MTL_ENABLE_DEBUG_INFO = NO;
				SDKROOT = iphoneos;
				SWIFT_OPTIMIZATION_LEVEL = "-Owholemodule";
				VALIDATE_PRODUCT = YES;
			};
			name = Release;
		};
		5C9CCC821EAC7D6D00B70366 /* Debug */ = {
			isa = XCBuildConfiguration;
			baseConfigurationReference = A9EB706AC2055F7DAB2696CD /* Pods-HITRUM.debug.xcconfig */;
			buildSettings = {
				ASSETCATALOG_COMPILER_APPICON_NAME = AppIcon;
				DEVELOPMENT_TEAM = 89TP3C25P2;
				INFOPLIST_FILE = HITRUM/Info.plist;
				IPHONEOS_DEPLOYMENT_TARGET = 9.0;
				LD_RUNPATH_SEARCH_PATHS = "$(inherited) @executable_path/Frameworks";
				PRODUCT_BUNDLE_IDENTIFIER = sip.HITRUM;
				PRODUCT_NAME = "$(TARGET_NAME)";
				SWIFT_VERSION = 3.0;
				TARGETED_DEVICE_FAMILY = "1,2";
			};
			name = Debug;
		};
		5C9CCC831EAC7D6D00B70366 /* Release */ = {
			isa = XCBuildConfiguration;
			baseConfigurationReference = 70FEFFD983C8336533BD0523 /* Pods-HITRUM.release.xcconfig */;
			buildSettings = {
				ASSETCATALOG_COMPILER_APPICON_NAME = AppIcon;
				DEVELOPMENT_TEAM = 89TP3C25P2;
				INFOPLIST_FILE = HITRUM/Info.plist;
				IPHONEOS_DEPLOYMENT_TARGET = 9.0;
				LD_RUNPATH_SEARCH_PATHS = "$(inherited) @executable_path/Frameworks";
				PRODUCT_BUNDLE_IDENTIFIER = sip.HITRUM;
				PRODUCT_NAME = "$(TARGET_NAME)";
				SWIFT_VERSION = 3.0;
				TARGETED_DEVICE_FAMILY = "1,2";
			};
			name = Release;
		};
		5C9CCC851EAC7D6D00B70366 /* Debug */ = {
			isa = XCBuildConfiguration;
			buildSettings = {
				ALWAYS_EMBED_SWIFT_STANDARD_LIBRARIES = YES;
				BUNDLE_LOADER = "$(TEST_HOST)";
				DEVELOPMENT_TEAM = 89TP3C25P2;
				INFOPLIST_FILE = HITRUMTests/Info.plist;
				LD_RUNPATH_SEARCH_PATHS = "$(inherited) @executable_path/Frameworks @loader_path/Frameworks";
				PRODUCT_BUNDLE_IDENTIFIER = sip.HITRUMTests;
				PRODUCT_NAME = "$(TARGET_NAME)";
				SWIFT_VERSION = 3.0;
				TEST_HOST = "$(BUILT_PRODUCTS_DIR)/HITRUM.app/HITRUM";
			};
			name = Debug;
		};
		5C9CCC861EAC7D6D00B70366 /* Release */ = {
			isa = XCBuildConfiguration;
			buildSettings = {
				ALWAYS_EMBED_SWIFT_STANDARD_LIBRARIES = YES;
				BUNDLE_LOADER = "$(TEST_HOST)";
				DEVELOPMENT_TEAM = 89TP3C25P2;
				INFOPLIST_FILE = HITRUMTests/Info.plist;
				LD_RUNPATH_SEARCH_PATHS = "$(inherited) @executable_path/Frameworks @loader_path/Frameworks";
				PRODUCT_BUNDLE_IDENTIFIER = sip.HITRUMTests;
				PRODUCT_NAME = "$(TARGET_NAME)";
				SWIFT_VERSION = 3.0;
				TEST_HOST = "$(BUILT_PRODUCTS_DIR)/HITRUM.app/HITRUM";
			};
			name = Release;
		};
		5C9CCC881EAC7D6D00B70366 /* Debug */ = {
			isa = XCBuildConfiguration;
			buildSettings = {
				ALWAYS_EMBED_SWIFT_STANDARD_LIBRARIES = YES;
				DEVELOPMENT_TEAM = 89TP3C25P2;
				INFOPLIST_FILE = HITRUMUITests/Info.plist;
				LD_RUNPATH_SEARCH_PATHS = "$(inherited) @executable_path/Frameworks @loader_path/Frameworks";
				PRODUCT_BUNDLE_IDENTIFIER = sip.HITRUMUITests;
				PRODUCT_NAME = "$(TARGET_NAME)";
				SWIFT_VERSION = 3.0;
				TEST_TARGET_NAME = HITRUM;
			};
			name = Debug;
		};
		5C9CCC891EAC7D6D00B70366 /* Release */ = {
			isa = XCBuildConfiguration;
			buildSettings = {
				ALWAYS_EMBED_SWIFT_STANDARD_LIBRARIES = YES;
				DEVELOPMENT_TEAM = 89TP3C25P2;
				INFOPLIST_FILE = HITRUMUITests/Info.plist;
				LD_RUNPATH_SEARCH_PATHS = "$(inherited) @executable_path/Frameworks @loader_path/Frameworks";
				PRODUCT_BUNDLE_IDENTIFIER = sip.HITRUMUITests;
				PRODUCT_NAME = "$(TARGET_NAME)";
				SWIFT_VERSION = 3.0;
				TEST_TARGET_NAME = HITRUM;
			};
			name = Release;
		};
/* End XCBuildConfiguration section */

/* Begin XCConfigurationList section */
		5C9CCC541EAC7D6D00B70366 /* Build configuration list for PBXProject "HITRUM" */ = {
			isa = XCConfigurationList;
			buildConfigurations = (
				5C9CCC7F1EAC7D6D00B70366 /* Debug */,
				5C9CCC801EAC7D6D00B70366 /* Release */,
			);
			defaultConfigurationIsVisible = 0;
			defaultConfigurationName = Release;
		};
		5C9CCC811EAC7D6D00B70366 /* Build configuration list for PBXNativeTarget "HITRUM" */ = {
			isa = XCConfigurationList;
			buildConfigurations = (
				5C9CCC821EAC7D6D00B70366 /* Debug */,
				5C9CCC831EAC7D6D00B70366 /* Release */,
			);
			defaultConfigurationIsVisible = 0;
			defaultConfigurationName = Release;
		};
		5C9CCC841EAC7D6D00B70366 /* Build configuration list for PBXNativeTarget "HITRUMTests" */ = {
			isa = XCConfigurationList;
			buildConfigurations = (
				5C9CCC851EAC7D6D00B70366 /* Debug */,
				5C9CCC861EAC7D6D00B70366 /* Release */,
			);
			defaultConfigurationIsVisible = 0;
			defaultConfigurationName = Release;
		};
		5C9CCC871EAC7D6D00B70366 /* Build configuration list for PBXNativeTarget "HITRUMUITests" */ = {
			isa = XCConfigurationList;
			buildConfigurations = (
				5C9CCC881EAC7D6D00B70366 /* Debug */,
				5C9CCC891EAC7D6D00B70366 /* Release */,
			);
			defaultConfigurationIsVisible = 0;
			defaultConfigurationName = Release;
		};
/* End XCConfigurationList section */
	};
	rootObject = 5C9CCC511EAC7D6D00B70366 /* Project object */;
}
