// !$*UTF8*$!
{
	archiveVersion = 1;
	classes = {
	};
	objectVersion = 46;
	objects = {

/* Begin PBXBuildFile section */
		5C2365F21EB02D9F00C44C9C /* ButtonExtension.swift in Sources */ = {isa = PBXBuildFile; fileRef = 5C2365F11EB02D9F00C44C9C /* ButtonExtension.swift */; };
		5C2365F41EB030DD00C44C9C /* BaseViewController.swift in Sources */ = {isa = PBXBuildFile; fileRef = 5C2365F31EB030DD00C44C9C /* BaseViewController.swift */; };
		5C2366021EB049DD00C44C9C /* OTPVerifyPresent.swift in Sources */ = {isa = PBXBuildFile; fileRef = 5C2366011EB049DD00C44C9C /* OTPVerifyPresent.swift */; };
		5C2366041EB049F800C44C9C /* OTPVerifyView.swift in Sources */ = {isa = PBXBuildFile; fileRef = 5C2366031EB049F800C44C9C /* OTPVerifyView.swift */; };
		5C2366061EB06FC900C44C9C /* SuccessFullPageViewController.swift in Sources */ = {isa = PBXBuildFile; fileRef = 5C2366051EB06FC900C44C9C /* SuccessFullPageViewController.swift */; };
		5C23660A1EB0854300C44C9C /* UserHomeViewController.swift in Sources */ = {isa = PBXBuildFile; fileRef = 5C2366091EB0854300C44C9C /* UserHomeViewController.swift */; };
		5C23660C1EB085D700C44C9C /* MenuViewController.swift in Sources */ = {isa = PBXBuildFile; fileRef = 5C23660B1EB085D700C44C9C /* MenuViewController.swift */; };
		5C23660E1EB09ADC00C44C9C /* UIImageView.swift in Sources */ = {isa = PBXBuildFile; fileRef = 5C23660D1EB09ADC00C44C9C /* UIImageView.swift */; };
		5C7328D31EAF1D4500EABDB9 /* UITextFieldExtension.swift in Sources */ = {isa = PBXBuildFile; fileRef = 5C7328D21EAF1D4500EABDB9 /* UITextFieldExtension.swift */; };
		5C7328D61EAF4CD300EABDB9 /* LoginPresent.swift in Sources */ = {isa = PBXBuildFile; fileRef = 5C7328D51EAF4CD300EABDB9 /* LoginPresent.swift */; };
		5C7328DA1EAF6A1400EABDB9 /* FacebookLoginVerifyPresent.swift in Sources */ = {isa = PBXBuildFile; fileRef = 5C7328D91EAF6A1400EABDB9 /* FacebookLoginVerifyPresent.swift */; };
		5C7328DC1EAF6A4F00EABDB9 /* FacebookLoginView.swift in Sources */ = {isa = PBXBuildFile; fileRef = 5C7328DB1EAF6A4F00EABDB9 /* FacebookLoginView.swift */; };
		5C7328E21EAF71D000EABDB9 /* UILabelExtension.swift in Sources */ = {isa = PBXBuildFile; fileRef = 5C7328E11EAF71D000EABDB9 /* UILabelExtension.swift */; };
		5C9CCC5D1EAC7D6D00B70366 /* AppDelegate.swift in Sources */ = {isa = PBXBuildFile; fileRef = 5C9CCC5C1EAC7D6D00B70366 /* AppDelegate.swift */; };
		5C9CCC641EAC7D6D00B70366 /* Assets.xcassets in Resources */ = {isa = PBXBuildFile; fileRef = 5C9CCC631EAC7D6D00B70366 /* Assets.xcassets */; };
		5C9CCC671EAC7D6D00B70366 /* LaunchScreen.storyboard in Resources */ = {isa = PBXBuildFile; fileRef = 5C9CCC651EAC7D6D00B70366 /* LaunchScreen.storyboard */; };
		5C9CCC721EAC7D6D00B70366 /* HITRUMTests.swift in Sources */ = {isa = PBXBuildFile; fileRef = 5C9CCC711EAC7D6D00B70366 /* HITRUMTests.swift */; };
		5C9CCC7D1EAC7D6D00B70366 /* HITRUMUITests.swift in Sources */ = {isa = PBXBuildFile; fileRef = 5C9CCC7C1EAC7D6D00B70366 /* HITRUMUITests.swift */; };
		5C9CCC8D1EAC7DFD00B70366 /* SplashController.swift in Sources */ = {isa = PBXBuildFile; fileRef = 5C9CCC8C1EAC7DFD00B70366 /* SplashController.swift */; };
		5CCDC6831EAC875600D996DE /* HomeUnuserViewController.swift in Sources */ = {isa = PBXBuildFile; fileRef = 5CCDC6821EAC875600D996DE /* HomeUnuserViewController.swift */; };
		5CF7685B1EACBB84003CE4F5 /* ColorExtension.swift in Sources */ = {isa = PBXBuildFile; fileRef = 5CF7685A1EACBB83003CE4F5 /* ColorExtension.swift */; };
		5CF7685D1EACBD2B003CE4F5 /* LoginViewController.swift in Sources */ = {isa = PBXBuildFile; fileRef = 5CF7685C1EACBD2B003CE4F5 /* LoginViewController.swift */; };
		96061F5704AC6E129766EBDC /* Pods_HITRUM.framework in Frameworks */ = {isa = PBXBuildFile; fileRef = D4A31BEFD3EF680901659381 /* Pods_HITRUM.framework */; };
/* End PBXBuildFile section */

/* Begin PBXContainerItemProxy section */
		5C9CCC6E1EAC7D6D00B70366 /* PBXContainerItemProxy */ = {
			isa = PBXContainerItemProxy;
			containerPortal = 5C9CCC511EAC7D6D00B70366 /* Project object */;
			proxyType = 1;
			remoteGlobalIDString = 5C9CCC581EAC7D6D00B70366;
			remoteInfo = HITRUM;
		};
		5C9CCC791EAC7D6D00B70366 /* PBXContainerItemProxy */ = {
			isa = PBXContainerItemProxy;
			containerPortal = 5C9CCC511EAC7D6D00B70366 /* Project object */;
			proxyType = 1;
			remoteGlobalIDString = 5C9CCC581EAC7D6D00B70366;
			remoteInfo = HITRUM;
		};
/* End PBXContainerItemProxy section */

/* Begin PBXFileReference section */
		5C2365F11EB02D9F00C44C9C /* ButtonExtension.swift */ = {isa = PBXFileReference; fileEncoding = 4; lastKnownFileType = sourcecode.swift; path = ButtonExtension.swift; sourceTree = "<group>"; };
		5C2365F31EB030DD00C44C9C /* BaseViewController.swift */ = {isa = PBXFileReference; fileEncoding = 4; lastKnownFileType = sourcecode.swift; path = BaseViewController.swift; sourceTree = "<group>"; };
		5C2366011EB049DD00C44C9C /* OTPVerifyPresent.swift */ = {isa = PBXFileReference; fileEncoding = 4; lastKnownFileType = sourcecode.swift; path = OTPVerifyPresent.swift; sourceTree = "<group>"; };
		5C2366031EB049F800C44C9C /* OTPVerifyView.swift */ = {isa = PBXFileReference; fileEncoding = 4; lastKnownFileType = sourcecode.swift; path = OTPVerifyView.swift; sourceTree = "<group>"; };
		5C2366051EB06FC900C44C9C /* SuccessFullPageViewController.swift */ = {isa = PBXFileReference; fileEncoding = 4; lastKnownFileType = sourcecode.swift; path = SuccessFullPageViewController.swift; sourceTree = "<group>"; };
		5C2366091EB0854300C44C9C /* UserHomeViewController.swift */ = {isa = PBXFileReference; fileEncoding = 4; lastKnownFileType = sourcecode.swift; path = UserHomeViewController.swift; sourceTree = "<group>"; };
		5C23660B1EB085D700C44C9C /* MenuViewController.swift */ = {isa = PBXFileReference; fileEncoding = 4; lastKnownFileType = sourcecode.swift; path = MenuViewController.swift; sourceTree = "<group>"; };
		5C23660D1EB09ADC00C44C9C /* UIImageView.swift */ = {isa = PBXFileReference; fileEncoding = 4; lastKnownFileType = sourcecode.swift; path = UIImageView.swift; sourceTree = "<group>"; };
		5C7328D21EAF1D4500EABDB9 /* UITextFieldExtension.swift */ = {isa = PBXFileReference; fileEncoding = 4; lastKnownFileType = sourcecode.swift; path = UITextFieldExtension.swift; sourceTree = "<group>"; };
		5C7328D51EAF4CD300EABDB9 /* LoginPresent.swift */ = {isa = PBXFileReference; fileEncoding = 4; lastKnownFileType = sourcecode.swift; path = LoginPresent.swift; sourceTree = "<group>"; };
		5C7328D91EAF6A1400EABDB9 /* FacebookLoginVerifyPresent.swift */ = {isa = PBXFileReference; fileEncoding = 4; lastKnownFileType = sourcecode.swift; path = FacebookLoginVerifyPresent.swift; sourceTree = "<group>"; };
		5C7328DB1EAF6A4F00EABDB9 /* FacebookLoginView.swift */ = {isa = PBXFileReference; fileEncoding = 4; lastKnownFileType = sourcecode.swift; path = FacebookLoginView.swift; sourceTree = "<group>"; };
		5C7328E11EAF71D000EABDB9 /* UILabelExtension.swift */ = {isa = PBXFileReference; fileEncoding = 4; lastKnownFileType = sourcecode.swift; path = UILabelExtension.swift; sourceTree = "<group>"; };
		5C9CCC591EAC7D6D00B70366 /* HITRUM.app */ = {isa = PBXFileReference; explicitFileType = wrapper.application; includeInIndex = 0; path = HITRUM.app; sourceTree = BUILT_PRODUCTS_DIR; };
		5C9CCC5C1EAC7D6D00B70366 /* AppDelegate.swift */ = {isa = PBXFileReference; lastKnownFileType = sourcecode.swift; path = AppDelegate.swift; sourceTree = "<group>"; };
		5C9CCC631EAC7D6D00B70366 /* Assets.xcassets */ = {isa = PBXFileReference; lastKnownFileType = folder.assetcatalog; path = Assets.xcassets; sourceTree = "<group>"; };
		5C9CCC661EAC7D6D00B70366 /* Base */ = {isa = PBXFileReference; lastKnownFileType = file.storyboard; name = Base; path = Base.lproj/LaunchScreen.storyboard; sourceTree = "<group>"; };
		5C9CCC681EAC7D6D00B70366 /* Info.plist */ = {isa = PBXFileReference; lastKnownFileType = text.plist.xml; path = Info.plist; sourceTree = "<group>"; };
		5C9CCC6D1EAC7D6D00B70366 /* HITRUMTests.xctest */ = {isa = PBXFileReference; explicitFileType = wrapper.cfbundle; includeInIndex = 0; path = HITRUMTests.xctest; sourceTree = BUILT_PRODUCTS_DIR; };
		5C9CCC711EAC7D6D00B70366 /* HITRUMTests.swift */ = {isa = PBXFileReference; lastKnownFileType = sourcecode.swift; path = HITRUMTests.swift; sourceTree = "<group>"; };
		5C9CCC731EAC7D6D00B70366 /* Info.plist */ = {isa = PBXFileReference; lastKnownFileType = text.plist.xml; path = Info.plist; sourceTree = "<group>"; };
		5C9CCC781EAC7D6D00B70366 /* HITRUMUITests.xctest */ = {isa = PBXFileReference; explicitFileType = wrapper.cfbundle; includeInIndex = 0; path = HITRUMUITests.xctest; sourceTree = BUILT_PRODUCTS_DIR; };
		5C9CCC7C1EAC7D6D00B70366 /* HITRUMUITests.swift */ = {isa = PBXFileReference; lastKnownFileType = sourcecode.swift; path = HITRUMUITests.swift; sourceTree = "<group>"; };
		5C9CCC7E1EAC7D6D00B70366 /* Info.plist */ = {isa = PBXFileReference; lastKnownFileType = text.plist.xml; path = Info.plist; sourceTree = "<group>"; };
		5C9CCC8C1EAC7DFD00B70366 /* SplashController.swift */ = {isa = PBXFileReference; fileEncoding = 4; lastKnownFileType = sourcecode.swift; path = SplashController.swift; sourceTree = "<group>"; };
		5CCDC6821EAC875600D996DE /* HomeUnuserViewController.swift */ = {isa = PBXFileReference; fileEncoding = 4; lastKnownFileType = sourcecode.swift; path = HomeUnuserViewController.swift; sourceTree = "<group>"; };
		5CF7685A1EACBB83003CE4F5 /* ColorExtension.swift */ = {isa = PBXFileReference; fileEncoding = 4; lastKnownFileType = sourcecode.swift; path = ColorExtension.swift; sourceTree = "<group>"; };
		5CF7685C1EACBD2B003CE4F5 /* LoginViewController.swift */ = {isa = PBXFileReference; fileEncoding = 4; lastKnownFileType = sourcecode.swift; path = LoginViewController.swift; sourceTree = "<group>"; };
		70FEFFD983C8336533BD0523 /* Pods-HITRUM.release.xcconfig */ = {isa = PBXFileReference; includeInIndex = 1; lastKnownFileType = text.xcconfig; name = "Pods-HITRUM.release.xcconfig"; path = "Pods/Target Support Files/Pods-HITRUM/Pods-HITRUM.release.xcconfig"; sourceTree = "<group>"; };
		A9EB706AC2055F7DAB2696CD /* Pods-HITRUM.debug.xcconfig */ = {isa = PBXFileReference; includeInIndex = 1; lastKnownFileType = text.xcconfig; name = "Pods-HITRUM.debug.xcconfig"; path = "Pods/Target Support Files/Pods-HITRUM/Pods-HITRUM.debug.xcconfig"; sourceTree = "<group>"; };
		D4A31BEFD3EF680901659381 /* Pods_HITRUM.framework */ = {isa = PBXFileReference; explicitFileType = wrapper.framework; includeInIndex = 0; path = Pods_HITRUM.framework; sourceTree = BUILT_PRODUCTS_DIR; };
/* End PBXFileReference section */

/* Begin PBXFrameworksBuildPhase section */
		5C9CCC561EAC7D6D00B70366 /* Frameworks */ = {
			isa = PBXFrameworksBuildPhase;
			buildActionMask = 2147483647;
			files = (
				96061F5704AC6E129766EBDC /* Pods_HITRUM.framework in Frameworks */,
			);
			runOnlyForDeploymentPostprocessing = 0;
		};
		5C9CCC6A1EAC7D6D00B70366 /* Frameworks */ = {
			isa = PBXFrameworksBuildPhase;
			buildActionMask = 2147483647;
			files = (
			);
			runOnlyForDeploymentPostprocessing = 0;
		};
		5C9CCC751EAC7D6D00B70366 /* Frameworks */ = {
			isa = PBXFrameworksBuildPhase;
			buildActionMask = 2147483647;
			files = (
			);
			runOnlyForDeploymentPostprocessing = 0;
		};
/* End PBXFrameworksBuildPhase section */

/* Begin PBXGroup section */
		54DAE2A2A591BC13C1E12306 /* Frameworks */ = {
			isa = PBXGroup;
			children = (
				D4A31BEFD3EF680901659381 /* Pods_HITRUM.framework */,
			);
			name = Frameworks;
			sourceTree = "<group>";
		};
		5C2365F51EB030E300C44C9C /* baseController */ = {
			isa = PBXGroup;
			children = (
				5C2365F31EB030DD00C44C9C /* BaseViewController.swift */,
			);
			name = baseController;
			sourceTree = "<group>";
		};
		5C2365F61EB0476D00C44C9C /* registerModule */ = {
			isa = PBXGroup;
			children = (
				5C2365FB1EB048BC00C44C9C /* server */,
				5C2365F71EB0479200C44C9C /* facebook */,
			);
			name = registerModule;
			sourceTree = "<group>";
		};
		5C2365F71EB0479200C44C9C /* facebook */ = {
			isa = PBXGroup;
			children = (
				5C2365F81EB047A500C44C9C /* present */,
				5C2365F91EB047AC00C44C9C /* view */,
				5C2365FF1EB0490E00C44C9C /* model */,
			);
			name = facebook;
			sourceTree = "<group>";
		};
		5C2365F81EB047A500C44C9C /* present */ = {
			isa = PBXGroup;
			children = (
				5C7328D91EAF6A1400EABDB9 /* FacebookLoginVerifyPresent.swift */,
			);
			name = present;
			sourceTree = "<group>";
		};
		5C2365F91EB047AC00C44C9C /* view */ = {
			isa = PBXGroup;
			children = (
				5C7328DB1EAF6A4F00EABDB9 /* FacebookLoginView.swift */,
			);
			name = view;
			sourceTree = "<group>";
		};
		5C2365FA1EB047E800C44C9C /* server */ = {
			isa = PBXGroup;
			children = (
				5C7328D71EAF4CE400EABDB9 /* present */,
				5C7328D81EAF4CF100EABDB9 /* view */,
				5C2366001EB0494C00C44C9C /* model */,
			);
			name = server;
			sourceTree = "<group>";
		};
		5C2365FB1EB048BC00C44C9C /* server */ = {
			isa = PBXGroup;
			children = (
				5C2365FC1EB048C500C44C9C /* present */,
				5C2365FD1EB048D000C44C9C /* view */,
				5C2365FE1EB048FE00C44C9C /* model */,
			);
			name = server;
			sourceTree = "<group>";
		};
		5C2365FC1EB048C500C44C9C /* present */ = {
			isa = PBXGroup;
			children = (
				5C2366011EB049DD00C44C9C /* OTPVerifyPresent.swift */,
			);
			name = present;
			sourceTree = "<group>";
		};
		5C2365FD1EB048D000C44C9C /* view */ = {
			isa = PBXGroup;
			children = (
				5C2366031EB049F800C44C9C /* OTPVerifyView.swift */,
			);
			name = view;
			sourceTree = "<group>";
		};
		5C2365FE1EB048FE00C44C9C /* model */ = {
			isa = PBXGroup;
			children = (
			);
			name = model;
			sourceTree = "<group>";
		};
		5C2365FF1EB0490E00C44C9C /* model */ = {
			isa = PBXGroup;
			children = (
			);
			name = model;
			sourceTree = "<group>";
		};
		5C2366001EB0494C00C44C9C /* model */ = {
			isa = PBXGroup;
			children = (
			);
			name = model;
			sourceTree = "<group>";
		};
		5C2366071EB084D400C44C9C /* homeUser */ = {
			isa = PBXGroup;
			children = (
				5C2366091EB0854300C44C9C /* UserHomeViewController.swift */,
				5C23660B1EB085D700C44C9C /* MenuViewController.swift */,
			);
			name = homeUser;
			sourceTree = "<group>";
		};
		5C7328D41EAF4C9800EABDB9 /* loginModule */ = {
			isa = PBXGroup;
			children = (
				5C2365FA1EB047E800C44C9C /* server */,
			);
			name = loginModule;
			sourceTree = "<group>";
		};
		5C7328D71EAF4CE400EABDB9 /* present */ = {
			isa = PBXGroup;
			children = (
				5C7328D51EAF4CD300EABDB9 /* LoginPresent.swift */,
			);
			name = present;
			sourceTree = "<group>";
		};
		5C7328D81EAF4CF100EABDB9 /* view */ = {
			isa = PBXGroup;
			children = (
				5CF7685C1EACBD2B003CE4F5 /* LoginViewController.swift */,
			);
			name = view;
			sourceTree = "<group>";
		};
		5C7328DD1EAF6F8700EABDB9 /* viewExtendsion */ = {
			isa = PBXGroup;
			children = (
				5CF7685A1EACBB83003CE4F5 /* ColorExtension.swift */,
				5C7328D21EAF1D4500EABDB9 /* UITextFieldExtension.swift */,
				5C7328E11EAF71D000EABDB9 /* UILabelExtension.swift */,
				5C2365F11EB02D9F00C44C9C /* ButtonExtension.swift */,
				5C23660D1EB09ADC00C44C9C /* UIImageView.swift */,
			);
			name = viewExtendsion;
			sourceTree = "<group>";
		};
		5C7328DE1EAF6FAD00EABDB9 /* singleHomePageModule */ = {
			isa = PBXGroup;
			children = (
				5C9CCC8C1EAC7DFD00B70366 /* SplashController.swift */,
				5CCDC6821EAC875600D996DE /* HomeUnuserViewController.swift */,
				5C2366051EB06FC900C44C9C /* SuccessFullPageViewController.swift */,
			);
			name = singleHomePageModule;
			sourceTree = "<group>";
		};
		5C7328DF1EAF6FCA00EABDB9 /* appDelegate */ = {
			isa = PBXGroup;
			children = (
				5C9CCC5C1EAC7D6D00B70366 /* AppDelegate.swift */,
			);
			name = appDelegate;
			sourceTree = "<group>";
		};
		5C7328E01EAF6FE500EABDB9 /* modules */ = {
			isa = PBXGroup;
			children = (
				5C2366071EB084D400C44C9C /* homeUser */,
				5C2365F51EB030E300C44C9C /* baseController */,
				5C7328DE1EAF6FAD00EABDB9 /* singleHomePageModule */,
				5C2365F61EB0476D00C44C9C /* registerModule */,
				5C7328D41EAF4C9800EABDB9 /* loginModule */,
			);
			name = modules;
			sourceTree = "<group>";
		};
		5C9CCC501EAC7D6D00B70366 = {
			isa = PBXGroup;
			children = (
				5C9CCC5B1EAC7D6D00B70366 /* HITRUM */,
				5C9CCC701EAC7D6D00B70366 /* HITRUMTests */,
				5C9CCC7B1EAC7D6D00B70366 /* HITRUMUITests */,
				5C9CCC5A1EAC7D6D00B70366 /* Products */,
				A131F20BB803D99300F97A9A /* Pods */,
				54DAE2A2A591BC13C1E12306 /* Frameworks */,
			);
			sourceTree = "<group>";
		};
		5C9CCC5A1EAC7D6D00B70366 /* Products */ = {
			isa = PBXGroup;
			children = (
				5C9CCC591EAC7D6D00B70366 /* HITRUM.app */,
				5C9CCC6D1EAC7D6D00B70366 /* HITRUMTests.xctest */,
				5C9CCC781EAC7D6D00B70366 /* HITRUMUITests.xctest */,
			);
			name = Products;
			sourceTree = "<group>";
		};
		5C9CCC5B1EAC7D6D00B70366 /* HITRUM */ = {
			isa = PBXGroup;
			children = (
				5C7328DF1EAF6FCA00EABDB9 /* appDelegate */,
				5C7328E01EAF6FE500EABDB9 /* modules */,
				5C7328DD1EAF6F8700EABDB9 /* viewExtendsion */,
				5CF15B381EACEF4100D1195E /* assist */,
			);
			path = HITRUM;
			sourceTree = "<group>";
		};
		5C9CCC701EAC7D6D00B70366 /* HITRUMTests */ = {
			isa = PBXGroup;
			children = (
				5C9CCC711EAC7D6D00B70366 /* HITRUMTests.swift */,
				5C9CCC731EAC7D6D00B70366 /* Info.plist */,
			);
			path = HITRUMTests;
			sourceTree = "<group>";
		};
		5C9CCC7B1EAC7D6D00B70366 /* HITRUMUITests */ = {
			isa = PBXGroup;
			children = (
				5C9CCC7C1EAC7D6D00B70366 /* HITRUMUITests.swift */,
				5C9CCC7E1EAC7D6D00B70366 /* Info.plist */,
			);
			path = HITRUMUITests;
			sourceTree = "<group>";
		};
		5CF15B381EACEF4100D1195E /* assist */ = {
			isa = PBXGroup;
			children = (
				5C9CCC631EAC7D6D00B70366 /* Assets.xcassets */,
				5C9CCC651EAC7D6D00B70366 /* LaunchScreen.storyboard */,
				5C9CCC681EAC7D6D00B70366 /* Info.plist */,
			);
			name = assist;
			sourceTree = "<group>";
		};
		A131F20BB803D99300F97A9A /* Pods */ = {
			isa = PBXGroup;
			children = (
				A9EB706AC2055F7DAB2696CD /* Pods-HITRUM.debug.xcconfig */,
				70FEFFD983C8336533BD0523 /* Pods-HITRUM.release.xcconfig */,
			);
			name = Pods;
			sourceTree = "<group>";
		};
/* End PBXGroup section */

/* Begin PBXNativeTarget section */
		5C9CCC581EAC7D6D00B70366 /* HITRUM */ = {
			isa = PBXNativeTarget;
			buildConfigurationList = 5C9CCC811EAC7D6D00B70366 /* Build configuration list for PBXNativeTarget "HITRUM" */;
			buildPhases = (
				14B20CE81688AB731A06BDCD /* [CP] Check Pods Manifest.lock */,
				5C9CCC551EAC7D6D00B70366 /* Sources */,
				5C9CCC561EAC7D6D00B70366 /* Frameworks */,
				5C9CCC571EAC7D6D00B70366 /* Resources */,
				0B391FE15B1B8279FD896D6A /* [CP] Embed Pods Frameworks */,
				A603E2B624A4D9173E2EB9AF /* [CP] Copy Pods Resources */,
			);
			buildRules = (
			);
			dependencies = (
			);
			name = HITRUM;
			productName = HITRUM;
			productReference = 5C9CCC591EAC7D6D00B70366 /* HITRUM.app */;
			productType = "com.apple.product-type.application";
		};
		5C9CCC6C1EAC7D6D00B70366 /* HITRUMTests */ = {
			isa = PBXNativeTarget;
			buildConfigurationList = 5C9CCC841EAC7D6D00B70366 /* Build configuration list for PBXNativeTarget "HITRUMTests" */;
			buildPhases = (
				5C9CCC691EAC7D6D00B70366 /* Sources */,
				5C9CCC6A1EAC7D6D00B70366 /* Frameworks */,
				5C9CCC6B1EAC7D6D00B70366 /* Resources */,
			);
			buildRules = (
			);
			dependencies = (
				5C9CCC6F1EAC7D6D00B70366 /* PBXTargetDependency */,
			);
			name = HITRUMTests;
			productName = HITRUMTests;
			productReference = 5C9CCC6D1EAC7D6D00B70366 /* HITRUMTests.xctest */;
			productType = "com.apple.product-type.bundle.unit-test";
		};
		5C9CCC771EAC7D6D00B70366 /* HITRUMUITests */ = {
			isa = PBXNativeTarget;
			buildConfigurationList = 5C9CCC871EAC7D6D00B70366 /* Build configuration list for PBXNativeTarget "HITRUMUITests" */;
			buildPhases = (
				5C9CCC741EAC7D6D00B70366 /* Sources */,
				5C9CCC751EAC7D6D00B70366 /* Frameworks */,
				5C9CCC761EAC7D6D00B70366 /* Resources */,
			);
			buildRules = (
			);
			dependencies = (
				5C9CCC7A1EAC7D6D00B70366 /* PBXTargetDependency */,
			);
			name = HITRUMUITests;
			productName = HITRUMUITests;
			productReference = 5C9CCC781EAC7D6D00B70366 /* HITRUMUITests.xctest */;
			productType = "com.apple.product-type.bundle.ui-testing";
		};
/* End PBXNativeTarget section */

/* Begin PBXProject section */
		5C9CCC511EAC7D6D00B70366 /* Project object */ = {
			isa = PBXProject;
			attributes = {
				LastSwiftUpdateCheck = 0830;
				LastUpgradeCheck = 0830;
				ORGANIZATIONNAME = SSd;
				TargetAttributes = {
					5C9CCC581EAC7D6D00B70366 = {
						CreatedOnToolsVersion = 8.3.2;
						DevelopmentTeam = 89TP3C25P2;
						ProvisioningStyle = Automatic;
					};
					5C9CCC6C1EAC7D6D00B70366 = {
						CreatedOnToolsVersion = 8.3.2;
						DevelopmentTeam = 89TP3C25P2;
						ProvisioningStyle = Automatic;
						TestTargetID = 5C9CCC581EAC7D6D00B70366;
					};
					5C9CCC771EAC7D6D00B70366 = {
						CreatedOnToolsVersion = 8.3.2;
						DevelopmentTeam = 89TP3C25P2;
						ProvisioningStyle = Automatic;
						TestTargetID = 5C9CCC581EAC7D6D00B70366;
					};
				};
			};
			buildConfigurationList = 5C9CCC541EAC7D6D00B70366 /* Build configuration list for PBXProject "HITRUM" */;
			compatibilityVersion = "Xcode 3.2";
			developmentRegion = English;
			hasScannedForEncodings = 0;
			knownRegions = (
				en,
				Base,
			);
			mainGroup = 5C9CCC501EAC7D6D00B70366;
			productRefGroup = 5C9CCC5A1EAC7D6D00B70366 /* Products */;
			projectDirPath = "";
			projectRoot = "";
			targets = (
				5C9CCC581EAC7D6D00B70366 /* HITRUM */,
				5C9CCC6C1EAC7D6D00B70366 /* HITRUMTests */,
				5C9CCC771EAC7D6D00B70366 /* HITRUMUITests */,
			);
		};
/* End PBXProject section */

/* Begin PBXResourcesBuildPhase section */
		5C9CCC571EAC7D6D00B70366 /* Resources */ = {
			isa = PBXResourcesBuildPhase;
			buildActionMask = 2147483647;
			files = (
				5C9CCC671EAC7D6D00B70366 /* LaunchScreen.storyboard in Resources */,
				5C9CCC641EAC7D6D00B70366 /* Assets.xcassets in Resources */,
			);
			runOnlyForDeploymentPostprocessing = 0;
		};
		5C9CCC6B1EAC7D6D00B70366 /* Resources */ = {
			isa = PBXResourcesBuildPhase;
			buildActionMask = 2147483647;
			files = (
			);
			runOnlyForDeploymentPostprocessing = 0;
		};
		5C9CCC761EAC7D6D00B70366 /* Resources */ = {
			isa = PBXResourcesBuildPhase;
			buildActionMask = 2147483647;
			files = (
			);
			runOnlyForDeploymentPostprocessing = 0;
		};
/* End PBXResourcesBuildPhase section */

/* Begin PBXShellScriptBuildPhase section */
		0B391FE15B1B8279FD896D6A /* [CP] Embed Pods Frameworks */ = {
			isa = PBXShellScriptBuildPhase;
			buildActionMask = 2147483647;
			files = (
			);
			inputPaths = (
			);
			name = "[CP] Embed Pods Frameworks";
			outputPaths = (
			);
			runOnlyForDeploymentPostprocessing = 0;
			shellPath = /bin/sh;
			shellScript = "\"${SRCROOT}/Pods/Target Support Files/Pods-HITRUM/Pods-HITRUM-frameworks.sh\"\n";
			showEnvVarsInLog = 0;
		};
		14B20CE81688AB731A06BDCD /* [CP] Check Pods Manifest.lock */ = {
			isa = PBXShellScriptBuildPhase;
			buildActionMask = 2147483647;
			files = (
			);
			inputPaths = (
			);
			name = "[CP] Check Pods Manifest.lock";
			outputPaths = (
			);
			runOnlyForDeploymentPostprocessing = 0;
			shellPath = /bin/sh;
			shellScript = "diff \"${PODS_ROOT}/../Podfile.lock\" \"${PODS_ROOT}/Manifest.lock\" > /dev/null\nif [ $? != 0 ] ; then\n    # print error to STDERR\n    echo \"error: The sandbox is not in sync with the Podfile.lock. Run 'pod install' or update your CocoaPods installation.\" >&2\n    exit 1\nfi\n";
			showEnvVarsInLog = 0;
		};
		A603E2B624A4D9173E2EB9AF /* [CP] Copy Pods Resources */ = {
			isa = PBXShellScriptBuildPhase;
			buildActionMask = 2147483647;
			files = (
			);
			inputPaths = (
			);
			name = "[CP] Copy Pods Resources";
			outputPaths = (
			);
			runOnlyForDeploymentPostprocessing = 0;
			shellPath = /bin/sh;
			shellScript = "\"${SRCROOT}/Pods/Target Support Files/Pods-HITRUM/Pods-HITRUM-resources.sh\"\n";
			showEnvVarsInLog = 0;
		};
/* End PBXShellScriptBuildPhase section */

/* Begin PBXSourcesBuildPhase section */
		5C9CCC551EAC7D6D00B70366 /* Sources */ = {
			isa = PBXSourcesBuildPhase;
			buildActionMask = 2147483647;
			files = (
				5C2365F21EB02D9F00C44C9C /* ButtonExtension.swift in Sources */,
				5CF7685D1EACBD2B003CE4F5 /* LoginViewController.swift in Sources */,
				5C7328E21EAF71D000EABDB9 /* UILabelExtension.swift in Sources */,
				5CF7685B1EACBB84003CE4F5 /* ColorExtension.swift in Sources */,
				5C9CCC5D1EAC7D6D00B70366 /* AppDelegate.swift in Sources */,
				5C2365F41EB030DD00C44C9C /* BaseViewController.swift in Sources */,
				5C2366061EB06FC900C44C9C /* SuccessFullPageViewController.swift in Sources */,
				5C9CCC8D1EAC7DFD00B70366 /* SplashController.swift in Sources */,
				5CCDC6831EAC875600D996DE /* HomeUnuserViewController.swift in Sources */,
				5C7328DA1EAF6A1400EABDB9 /* FacebookLoginVerifyPresent.swift in Sources */,
				5C23660E1EB09ADC00C44C9C /* UIImageView.swift in Sources */,
				5C7328D31EAF1D4500EABDB9 /* UITextFieldExtension.swift in Sources */,
				5C23660C1EB085D700C44C9C /* MenuViewController.swift in Sources */,
				5C2366021EB049DD00C44C9C /* OTPVerifyPresent.swift in Sources */,
				5C7328DC1EAF6A4F00EABDB9 /* FacebookLoginView.swift in Sources */,
				5C7328D61EAF4CD300EABDB9 /* LoginPresent.swift in Sources */,
				5C23660A1EB0854300C44C9C /* UserHomeViewController.swift in Sources */,
				5C2366041EB049F800C44C9C /* OTPVerifyView.swift in Sources */,
			);
			runOnlyForDeploymentPostprocessing = 0;
		};
		5C9CCC691EAC7D6D00B70366 /* Sources */ = {
			isa = PBXSourcesBuildPhase;
			buildActionMask = 2147483647;
			files = (
				5C9CCC721EAC7D6D00B70366 /* HITRUMTests.swift in Sources */,
			);
			runOnlyForDeploymentPostprocessing = 0;
		};
		5C9CCC741EAC7D6D00B70366 /* Sources */ = {
			isa = PBXSourcesBuildPhase;
			buildActionMask = 2147483647;
			files = (
				5C9CCC7D1EAC7D6D00B70366 /* HITRUMUITests.swift in Sources */,
			);
			runOnlyForDeploymentPostprocessing = 0;
		};
/* End PBXSourcesBuildPhase section */

/* Begin PBXTargetDependency section */
		5C9CCC6F1EAC7D6D00B70366 /* PBXTargetDependency */ = {
			isa = PBXTargetDependency;
			target = 5C9CCC581EAC7D6D00B70366 /* HITRUM */;
			targetProxy = 5C9CCC6E1EAC7D6D00B70366 /* PBXContainerItemProxy */;
		};
		5C9CCC7A1EAC7D6D00B70366 /* PBXTargetDependency */ = {
			isa = PBXTargetDependency;
			target = 5C9CCC581EAC7D6D00B70366 /* HITRUM */;
			targetProxy = 5C9CCC791EAC7D6D00B70366 /* PBXContainerItemProxy */;
		};
/* End PBXTargetDependency section */

/* Begin PBXVariantGroup section */
		5C9CCC651EAC7D6D00B70366 /* LaunchScreen.storyboard */ = {
			isa = PBXVariantGroup;
			children = (
				5C9CCC661EAC7D6D00B70366 /* Base */,
			);
			name = LaunchScreen.storyboard;
			sourceTree = "<group>";
		};
/* End PBXVariantGroup section */

/* Begin XCBuildConfiguration section */
		5C9CCC7F1EAC7D6D00B70366 /* Debug */ = {
			isa = XCBuildConfiguration;
			buildSettings = {
				ALWAYS_SEARCH_USER_PATHS = NO;
				CLANG_ANALYZER_NONNULL = YES;
				CLANG_ANALYZER_NUMBER_OBJECT_CONVERSION = YES_AGGRESSIVE;
				CLANG_CXX_LANGUAGE_STANDARD = "gnu++0x";
				CLANG_CXX_LIBRARY = "libc++";
				CLANG_ENABLE_MODULES = YES;
				CLANG_ENABLE_OBJC_ARC = YES;
				CLANG_WARN_BOOL_CONVERSION = YES;
				CLANG_WARN_CONSTANT_CONVERSION = YES;
				CLANG_WARN_DIRECT_OBJC_ISA_USAGE = YES_ERROR;
				CLANG_WARN_DOCUMENTATION_COMMENTS = YES;
				CLANG_WARN_EMPTY_BODY = YES;
				CLANG_WARN_ENUM_CONVERSION = YES;
				CLANG_WARN_INFINITE_RECURSION = YES;
				CLANG_WARN_INT_CONVERSION = YES;
				CLANG_WARN_OBJC_ROOT_CLASS = YES_ERROR;
				CLANG_WARN_SUSPICIOUS_MOVE = YES;
				CLANG_WARN_UNREACHABLE_CODE = YES;
				CLANG_WARN__DUPLICATE_METHOD_MATCH = YES;
				"CODE_SIGN_IDENTITY[sdk=iphoneos*]" = "iPhone Developer";
				COPY_PHASE_STRIP = NO;
				DEBUG_INFORMATION_FORMAT = dwarf;
				ENABLE_STRICT_OBJC_MSGSEND = YES;
				ENABLE_TESTABILITY = YES;
				GCC_C_LANGUAGE_STANDARD = gnu99;
				GCC_DYNAMIC_NO_PIC = NO;
				GCC_NO_COMMON_BLOCKS = YES;
				GCC_OPTIMIZATION_LEVEL = 0;
				GCC_PREPROCESSOR_DEFINITIONS = (
					"DEBUG=1",
					"$(inherited)",
				);
				GCC_WARN_64_TO_32_BIT_CONVERSION = YES;
				GCC_WARN_ABOUT_RETURN_TYPE = YES_ERROR;
				GCC_WARN_UNDECLARED_SELECTOR = YES;
				GCC_WARN_UNINITIALIZED_AUTOS = YES_AGGRESSIVE;
				GCC_WARN_UNUSED_FUNCTION = YES;
				GCC_WARN_UNUSED_VARIABLE = YES;
				IPHONEOS_DEPLOYMENT_TARGET = 10.3;
				MTL_ENABLE_DEBUG_INFO = YES;
				ONLY_ACTIVE_ARCH = YES;
				SDKROOT = iphoneos;
				SWIFT_ACTIVE_COMPILATION_CONDITIONS = DEBUG;
				SWIFT_OPTIMIZATION_LEVEL = "-Onone";
			};
			name = Debug;
		};
		5C9CCC801EAC7D6D00B70366 /* Release */ = {
			isa = XCBuildConfiguration;
			buildSettings = {
				ALWAYS_SEARCH_USER_PATHS = NO;
				CLANG_ANALYZER_NONNULL = YES;
				CLANG_ANALYZER_NUMBER_OBJECT_CONVERSION = YES_AGGRESSIVE;
				CLANG_CXX_LANGUAGE_STANDARD = "gnu++0x";
				CLANG_CXX_LIBRARY = "libc++";
				CLANG_ENABLE_MODULES = YES;
				CLANG_ENABLE_OBJC_ARC = YES;
				CLANG_WARN_BOOL_CONVERSION = YES;
				CLANG_WARN_CONSTANT_CONVERSION = YES;
				CLANG_WARN_DIRECT_OBJC_ISA_USAGE = YES_ERROR;
				CLANG_WARN_DOCUMENTATION_COMMENTS = YES;
				CLANG_WARN_EMPTY_BODY = YES;
				CLANG_WARN_ENUM_CONVERSION = YES;
				CLANG_WARN_INFINITE_RECURSION = YES;
				CLANG_WARN_INT_CONVERSION = YES;
				CLANG_WARN_OBJC_ROOT_CLASS = YES_ERROR;
				CLANG_WARN_SUSPICIOUS_MOVE = YES;
				CLANG_WARN_UNREACHABLE_CODE = YES;
				CLANG_WARN__DUPLICATE_METHOD_MATCH = YES;
				"CODE_SIGN_IDENTITY[sdk=iphoneos*]" = "iPhone Developer";
				COPY_PHASE_STRIP = NO;
				DEBUG_INFORMATION_FORMAT = "dwarf-with-dsym";
				ENABLE_NS_ASSERTIONS = NO;
				ENABLE_STRICT_OBJC_MSGSEND = YES;
				GCC_C_LANGUAGE_STANDARD = gnu99;
				GCC_NO_COMMON_BLOCKS = YES;
				GCC_WARN_64_TO_32_BIT_CONVERSION = YES;
				GCC_WARN_ABOUT_RETURN_TYPE = YES_ERROR;
				GCC_WARN_UNDECLARED_SELECTOR = YES;
				GCC_WARN_UNINITIALIZED_AUTOS = YES_AGGRESSIVE;
				GCC_WARN_UNUSED_FUNCTION = YES;
				GCC_WARN_UNUSED_VARIABLE = YES;
				IPHONEOS_DEPLOYMENT_TARGET = 10.3;
				MTL_ENABLE_DEBUG_INFO = NO;
				SDKROOT = iphoneos;
				SWIFT_OPTIMIZATION_LEVEL = "-Owholemodule";
				VALIDATE_PRODUCT = YES;
			};
			name = Release;
		};
		5C9CCC821EAC7D6D00B70366 /* Debug */ = {
			isa = XCBuildConfiguration;
			baseConfigurationReference = A9EB706AC2055F7DAB2696CD /* Pods-HITRUM.debug.xcconfig */;
			buildSettings = {
				ASSETCATALOG_COMPILER_APPICON_NAME = AppIcon;
				DEVELOPMENT_TEAM = 89TP3C25P2;
				INFOPLIST_FILE = HITRUM/Info.plist;
				IPHONEOS_DEPLOYMENT_TARGET = 9.0;
				LD_RUNPATH_SEARCH_PATHS = "$(inherited) @executable_path/Frameworks";
				PRODUCT_BUNDLE_IDENTIFIER = sip.HITRUM;
				PRODUCT_NAME = "$(TARGET_NAME)";
				SWIFT_VERSION = 3.0;
			};
			name = Debug;
		};
		5C9CCC831EAC7D6D00B70366 /* Release */ = {
			isa = XCBuildConfiguration;
			baseConfigurationReference = 70FEFFD983C8336533BD0523 /* Pods-HITRUM.release.xcconfig */;
			buildSettings = {
				ASSETCATALOG_COMPILER_APPICON_NAME = AppIcon;
				DEVELOPMENT_TEAM = 89TP3C25P2;
				INFOPLIST_FILE = HITRUM/Info.plist;
				IPHONEOS_DEPLOYMENT_TARGET = 9.0;
				LD_RUNPATH_SEARCH_PATHS = "$(inherited) @executable_path/Frameworks";
				PRODUCT_BUNDLE_IDENTIFIER = sip.HITRUM;
				PRODUCT_NAME = "$(TARGET_NAME)";
				SWIFT_VERSION = 3.0;
			};
			name = Release;
		};
		5C9CCC851EAC7D6D00B70366 /* Debug */ = {
			isa = XCBuildConfiguration;
			buildSettings = {
				ALWAYS_EMBED_SWIFT_STANDARD_LIBRARIES = YES;
				BUNDLE_LOADER = "$(TEST_HOST)";
				DEVELOPMENT_TEAM = 89TP3C25P2;
				INFOPLIST_FILE = HITRUMTests/Info.plist;
				LD_RUNPATH_SEARCH_PATHS = "$(inherited) @executable_path/Frameworks @loader_path/Frameworks";
				PRODUCT_BUNDLE_IDENTIFIER = sip.HITRUMTests;
				PRODUCT_NAME = "$(TARGET_NAME)";
				SWIFT_VERSION = 3.0;
				TEST_HOST = "$(BUILT_PRODUCTS_DIR)/HITRUM.app/HITRUM";
			};
			name = Debug;
		};
		5C9CCC861EAC7D6D00B70366 /* Release */ = {
			isa = XCBuildConfiguration;
			buildSettings = {
				ALWAYS_EMBED_SWIFT_STANDARD_LIBRARIES = YES;
				BUNDLE_LOADER = "$(TEST_HOST)";
				DEVELOPMENT_TEAM = 89TP3C25P2;
				INFOPLIST_FILE = HITRUMTests/Info.plist;
				LD_RUNPATH_SEARCH_PATHS = "$(inherited) @executable_path/Frameworks @loader_path/Frameworks";
				PRODUCT_BUNDLE_IDENTIFIER = sip.HITRUMTests;
				PRODUCT_NAME = "$(TARGET_NAME)";
				SWIFT_VERSION = 3.0;
				TEST_HOST = "$(BUILT_PRODUCTS_DIR)/HITRUM.app/HITRUM";
			};
			name = Release;
		};
		5C9CCC881EAC7D6D00B70366 /* Debug */ = {
			isa = XCBuildConfiguration;
			buildSettings = {
				ALWAYS_EMBED_SWIFT_STANDARD_LIBRARIES = YES;
				DEVELOPMENT_TEAM = 89TP3C25P2;
				INFOPLIST_FILE = HITRUMUITests/Info.plist;
				LD_RUNPATH_SEARCH_PATHS = "$(inherited) @executable_path/Frameworks @loader_path/Frameworks";
				PRODUCT_BUNDLE_IDENTIFIER = sip.HITRUMUITests;
				PRODUCT_NAME = "$(TARGET_NAME)";
				SWIFT_VERSION = 3.0;
				TEST_TARGET_NAME = HITRUM;
			};
			name = Debug;
		};
		5C9CCC891EAC7D6D00B70366 /* Release */ = {
			isa = XCBuildConfiguration;
			buildSettings = {
				ALWAYS_EMBED_SWIFT_STANDARD_LIBRARIES = YES;
				DEVELOPMENT_TEAM = 89TP3C25P2;
				INFOPLIST_FILE = HITRUMUITests/Info.plist;
				LD_RUNPATH_SEARCH_PATHS = "$(inherited) @executable_path/Frameworks @loader_path/Frameworks";
				PRODUCT_BUNDLE_IDENTIFIER = sip.HITRUMUITests;
				PRODUCT_NAME = "$(TARGET_NAME)";
				SWIFT_VERSION = 3.0;
				TEST_TARGET_NAME = HITRUM;
			};
			name = Release;
		};
/* End XCBuildConfiguration section */

/* Begin XCConfigurationList section */
		5C9CCC541EAC7D6D00B70366 /* Build configuration list for PBXProject "HITRUM" */ = {
			isa = XCConfigurationList;
			buildConfigurations = (
				5C9CCC7F1EAC7D6D00B70366 /* Debug */,
				5C9CCC801EAC7D6D00B70366 /* Release */,
			);
			defaultConfigurationIsVisible = 0;
			defaultConfigurationName = Release;
		};
		5C9CCC811EAC7D6D00B70366 /* Build configuration list for PBXNativeTarget "HITRUM" */ = {
			isa = XCConfigurationList;
			buildConfigurations = (
				5C9CCC821EAC7D6D00B70366 /* Debug */,
				5C9CCC831EAC7D6D00B70366 /* Release */,
			);
			defaultConfigurationIsVisible = 0;
			defaultConfigurationName = Release;
		};
		5C9CCC841EAC7D6D00B70366 /* Build configuration list for PBXNativeTarget "HITRUMTests" */ = {
			isa = XCConfigurationList;
			buildConfigurations = (
				5C9CCC851EAC7D6D00B70366 /* Debug */,
				5C9CCC861EAC7D6D00B70366 /* Release */,
			);
			defaultConfigurationIsVisible = 0;
			defaultConfigurationName = Release;
		};
		5C9CCC871EAC7D6D00B70366 /* Build configuration list for PBXNativeTarget "HITRUMUITests" */ = {
			isa = XCConfigurationList;
			buildConfigurations = (
				5C9CCC881EAC7D6D00B70366 /* Debug */,
				5C9CCC891EAC7D6D00B70366 /* Release */,
			);
			defaultConfigurationIsVisible = 0;
			defaultConfigurationName = Release;
		};
/* End XCConfigurationList section */
	};
	rootObject = 5C9CCC511EAC7D6D00B70366 /* Project object */;
}
